// !$*UTF8*$!
{
	archiveVersion = 1;
	classes = {
	};
	objectVersion = 46;
	objects = {

/* Begin PBXBuildFile section */
		49077B321706A224004DC9D2 /* background_4.png in Resources */ = {isa = PBXBuildFile; fileRef = 49077B1E1706A224004DC9D2 /* background_4.png */; };
		49077B331706A224004DC9D2 /* getdriking_screen_4.png in Resources */ = {isa = PBXBuildFile; fileRef = 49077B1F1706A224004DC9D2 /* getdriking_screen_4.png */; };
		49077B341706A224004DC9D2 /* main-img.png in Resources */ = {isa = PBXBuildFile; fileRef = 49077B201706A224004DC9D2 /* main-img.png */; };
		49077B351706A224004DC9D2 /* signup_screen_4.png in Resources */ = {isa = PBXBuildFile; fileRef = 49077B211706A224004DC9D2 /* signup_screen_4.png */; };
		49077B371706A224004DC9D2 /* back_button.png in Resources */ = {isa = PBXBuildFile; fileRef = 49077B231706A224004DC9D2 /* back_button.png */; };
		49077B381706A224004DC9D2 /* background_5.png in Resources */ = {isa = PBXBuildFile; fileRef = 49077B241706A224004DC9D2 /* background_5.png */; };
		49077B391706A224004DC9D2 /* currentvoucher_btn.png in Resources */ = {isa = PBXBuildFile; fileRef = 49077B251706A224004DC9D2 /* currentvoucher_btn.png */; };
		49077B3A1706A224004DC9D2 /* currentvoucher_screen_5.png in Resources */ = {isa = PBXBuildFile; fileRef = 49077B261706A224004DC9D2 /* currentvoucher_screen_5.png */; };
		49077B3B1706A224004DC9D2 /* drinking_button.png in Resources */ = {isa = PBXBuildFile; fileRef = 49077B271706A224004DC9D2 /* drinking_button.png */; };
		49077B3C1706A224004DC9D2 /* facebook_btn.png in Resources */ = {isa = PBXBuildFile; fileRef = 49077B281706A224004DC9D2 /* facebook_btn.png */; };
		49077B3D1706A224004DC9D2 /* getdriking_screen.png in Resources */ = {isa = PBXBuildFile; fileRef = 49077B291706A224004DC9D2 /* getdriking_screen.png */; };
		49077B3E1706A224004DC9D2 /* map_background.png in Resources */ = {isa = PBXBuildFile; fileRef = 49077B2A1706A224004DC9D2 /* map_background.png */; };
		49077B3F1706A224004DC9D2 /* phone_button.png in Resources */ = {isa = PBXBuildFile; fileRef = 49077B2B1706A224004DC9D2 /* phone_button.png */; };
		49077B401706A224004DC9D2 /* redeemyourvocher_button.png in Resources */ = {isa = PBXBuildFile; fileRef = 49077B2C1706A224004DC9D2 /* redeemyourvocher_button.png */; };
		49077B411706A224004DC9D2 /* Signup_screen_5.png in Resources */ = {isa = PBXBuildFile; fileRef = 49077B2D1706A224004DC9D2 /* Signup_screen_5.png */; };
		49077B421706A224004DC9D2 /* splash_screen_5.png in Resources */ = {isa = PBXBuildFile; fileRef = 49077B2E1706A224004DC9D2 /* splash_screen_5.png */; };
		49077B431706A224004DC9D2 /* topbar.png in Resources */ = {isa = PBXBuildFile; fileRef = 49077B2F1706A224004DC9D2 /* topbar.png */; };
		49077B441706A224004DC9D2 /* voucherredeemed_button.png in Resources */ = {isa = PBXBuildFile; fileRef = 49077B301706A224004DC9D2 /* voucherredeemed_button.png */; };
		49077B451706A224004DC9D2 /* website_button.png in Resources */ = {isa = PBXBuildFile; fileRef = 49077B311706A224004DC9D2 /* website_button.png */; };
		49077B5A1706A230004DC9D2 /* main-img@2x.png in Resources */ = {isa = PBXBuildFile; fileRef = 49077B461706A230004DC9D2 /* main-img@2x.png */; };
		49077B5B1706A230004DC9D2 /* getdriking_screen_4@2x.png in Resources */ = {isa = PBXBuildFile; fileRef = 49077B471706A230004DC9D2 /* getdriking_screen_4@2x.png */; };
		49077B5C1706A230004DC9D2 /* signup_screen_4@2x.png in Resources */ = {isa = PBXBuildFile; fileRef = 49077B481706A230004DC9D2 /* signup_screen_4@2x.png */; };
		49077B5E1706A230004DC9D2 /* background_4@2x.png in Resources */ = {isa = PBXBuildFile; fileRef = 49077B4A1706A230004DC9D2 /* background_4@2x.png */; };
		49077B5F1706A230004DC9D2 /* back_button@2x.png in Resources */ = {isa = PBXBuildFile; fileRef = 49077B4B1706A230004DC9D2 /* back_button@2x.png */; };
		49077B601706A230004DC9D2 /* topbar@2x.png in Resources */ = {isa = PBXBuildFile; fileRef = 49077B4C1706A230004DC9D2 /* topbar@2x.png */; };
		49077B611706A230004DC9D2 /* redeemyourvocher_button@2x.png in Resources */ = {isa = PBXBuildFile; fileRef = 49077B4D1706A230004DC9D2 /* redeemyourvocher_button@2x.png */; };
		49077B621706A230004DC9D2 /* map_background@2x.png in Resources */ = {isa = PBXBuildFile; fileRef = 49077B4E1706A230004DC9D2 /* map_background@2x.png */; };
		49077B631706A230004DC9D2 /* website_button@2x.png in Resources */ = {isa = PBXBuildFile; fileRef = 49077B4F1706A230004DC9D2 /* website_button@2x.png */; };
		49077B641706A230004DC9D2 /* phone_button@2x.png in Resources */ = {isa = PBXBuildFile; fileRef = 49077B501706A230004DC9D2 /* phone_button@2x.png */; };
		49077B651706A230004DC9D2 /* voucherredeemed_button@2x.png in Resources */ = {isa = PBXBuildFile; fileRef = 49077B511706A230004DC9D2 /* voucherredeemed_button@2x.png */; };
		49077B661706A230004DC9D2 /* currentvoucher_btn@2x.png in Resources */ = {isa = PBXBuildFile; fileRef = 49077B521706A230004DC9D2 /* currentvoucher_btn@2x.png */; };
		49077B671706A230004DC9D2 /* currentvoucher_screen_5@2x.png in Resources */ = {isa = PBXBuildFile; fileRef = 49077B531706A230004DC9D2 /* currentvoucher_screen_5@2x.png */; };
		49077B681706A230004DC9D2 /* drinking_button@2x.png in Resources */ = {isa = PBXBuildFile; fileRef = 49077B541706A230004DC9D2 /* drinking_button@2x.png */; };
		49077B691706A230004DC9D2 /* getdriking_screen@2x.png in Resources */ = {isa = PBXBuildFile; fileRef = 49077B551706A230004DC9D2 /* getdriking_screen@2x.png */; };
		49077B6A1706A230004DC9D2 /* facebook_btn@2x.png in Resources */ = {isa = PBXBuildFile; fileRef = 49077B561706A230004DC9D2 /* facebook_btn@2x.png */; };
		49077B6B1706A230004DC9D2 /* Signup_screen_5@2x.png in Resources */ = {isa = PBXBuildFile; fileRef = 49077B571706A230004DC9D2 /* Signup_screen_5@2x.png */; };
		49077B6D1706A230004DC9D2 /* background_5@2x.png in Resources */ = {isa = PBXBuildFile; fileRef = 49077B591706A230004DC9D2 /* background_5@2x.png */; };
		49077B781706C691004DC9D2 /* dismiss_button@2x.png in Resources */ = {isa = PBXBuildFile; fileRef = 49077B771706C68F004DC9D2 /* dismiss_button@2x.png */; };
		49077B7A1706C8DD004DC9D2 /* dismiss_button.png in Resources */ = {isa = PBXBuildFile; fileRef = 49077B791706C8DC004DC9D2 /* dismiss_button.png */; };
		49077BA31706FED7004DC9D2 /* iTunesArtwork in Resources */ = {isa = PBXBuildFile; fileRef = 49077B9B1706FED7004DC9D2 /* iTunesArtwork */; };
		49077BA41706FED7004DC9D2 /* Icon@2x.png in Resources */ = {isa = PBXBuildFile; fileRef = 49077B9C1706FED7004DC9D2 /* Icon@2x.png */; };
		49077BA51706FED7004DC9D2 /* Icon.png in Resources */ = {isa = PBXBuildFile; fileRef = 49077B9D1706FED7004DC9D2 /* Icon.png */; };
		49077BA61706FED7004DC9D2 /* Icon-Small@2x.png in Resources */ = {isa = PBXBuildFile; fileRef = 49077B9E1706FED7004DC9D2 /* Icon-Small@2x.png */; };
		49077BA71706FED7004DC9D2 /* Icon-Small.png in Resources */ = {isa = PBXBuildFile; fileRef = 49077B9F1706FED7004DC9D2 /* Icon-Small.png */; };
		49077BA81706FED7004DC9D2 /* Icon-Small-50.png in Resources */ = {isa = PBXBuildFile; fileRef = 49077BA01706FED7004DC9D2 /* Icon-Small-50.png */; };
		49077BA91706FED7004DC9D2 /* Icon-72.png in Resources */ = {isa = PBXBuildFile; fileRef = 49077BA11706FED7004DC9D2 /* Icon-72.png */; };
		49077BAA1706FED7004DC9D2 /* onthhouse1024.png in Resources */ = {isa = PBXBuildFile; fileRef = 49077BA21706FED7004DC9D2 /* onthhouse1024.png */; };
		491123A617054DD000777DD6 /* MapKit.framework in Frameworks */ = {isa = PBXBuildFile; fileRef = 491123A517054DD000777DD6 /* MapKit.framework */; };
		491123A917055C0600777DD6 /* CoreLocation.framework in Frameworks */ = {isa = PBXBuildFile; fileRef = 491123A817055C0600777DD6 /* CoreLocation.framework */; };
		491123C017056FB100777DD6 /* MBProgressHUD.m in Sources */ = {isa = PBXBuildFile; fileRef = 491123BF17056FB100777DD6 /* MBProgressHUD.m */; };
		491123CD1705854800777DD6 /* MapViewController.m in Sources */ = {isa = PBXBuildFile; fileRef = 491123CB1705854800777DD6 /* MapViewController.m */; };
		491123CE1705854800777DD6 /* MapViewController.xib in Resources */ = {isa = PBXBuildFile; fileRef = 491123CC1705854800777DD6 /* MapViewController.xib */; };
		4911B55716F828550038799C /* BarDetailViewController.m in Sources */ = {isa = PBXBuildFile; fileRef = 4911B55516F828550038799C /* BarDetailViewController.m */; };
		4911B55816F828550038799C /* BarDetailViewController.xib in Resources */ = {isa = PBXBuildFile; fileRef = 4911B55616F828550038799C /* BarDetailViewController.xib */; };
		493F900E171D1B0F00370A71 /* blank_btn.png in Resources */ = {isa = PBXBuildFile; fileRef = 493F900D171D1B0F00370A71 /* blank_btn.png */; };
		493F9011171D1B1600370A71 /* blank_btn@2x.png in Resources */ = {isa = PBXBuildFile; fileRef = 493F9010171D1B1600370A71 /* blank_btn@2x.png */; };
		494DCB871742082B0012ED59 /* checkbox-selectd@2x.png in Resources */ = {isa = PBXBuildFile; fileRef = 494DCB851742082B0012ED59 /* checkbox-selectd@2x.png */; };
		494DCB881742082B0012ED59 /* voucherredeemed_button_blank@2x.png in Resources */ = {isa = PBXBuildFile; fileRef = 494DCB861742082B0012ED59 /* voucherredeemed_button_blank@2x.png */; };
		494DCB8C174208680012ED59 /* voucherredeemed_button_blank.png in Resources */ = {isa = PBXBuildFile; fileRef = 494DCB8A174208670012ED59 /* voucherredeemed_button_blank.png */; };
		494DCB8D174208680012ED59 /* checkbox-selectd.png in Resources */ = {isa = PBXBuildFile; fileRef = 494DCB8B174208670012ED59 /* checkbox-selectd.png */; };
		495E5D901717F46400AC996A /* Reachability.m in Sources */ = {isa = PBXBuildFile; fileRef = 495E5D8F1717F46400AC996A /* Reachability.m */; settings = {COMPILER_FLAGS = "-fno-objc-arc"; }; };
		495F2A0E171FAD9700A27959 /* icon-locationArrow-white@2x.png in Resources */ = {isa = PBXBuildFile; fileRef = 495F2A0D171FAD9700A27959 /* icon-locationArrow-white@2x.png */; };
		495F2A11171FAD9F00A27959 /* icon-locationArrow-white.png in Resources */ = {isa = PBXBuildFile; fileRef = 495F2A10171FAD9F00A27959 /* icon-locationArrow-white.png */; };
		4960DFDF17098703006319D7 /* ImageIO.framework in Frameworks */ = {isa = PBXBuildFile; fileRef = 4960DFDE17098703006319D7 /* ImageIO.framework */; };
		4960DFE21709B1FE006319D7 /* 4_direction.png in Resources */ = {isa = PBXBuildFile; fileRef = 4960DFE11709B1FE006319D7 /* 4_direction.png */; };
		49665524170D4C8500CC8FAF /* getdriking_screen_new_5.png in Resources */ = {isa = PBXBuildFile; fileRef = 49665523170D4C8300CC8FAF /* getdriking_screen_new_5.png */; };
		49665527170D4CF100CC8FAF /* getdriking_screen_new.png in Resources */ = {isa = PBXBuildFile; fileRef = 49665526170D4CF000CC8FAF /* getdriking_screen_new.png */; };
		49665529170D4CF800CC8FAF /* getdriking_screen_new@2x.png in Resources */ = {isa = PBXBuildFile; fileRef = 49665528170D4CF700CC8FAF /* getdriking_screen_new@2x.png */; };
		4977671F170AAB170055D71E /* CFNetwork.framework in Frameworks */ = {isa = PBXBuildFile; fileRef = 4977671E170AAB170055D71E /* CFNetwork.framework */; };
		499A552E16F1CB7500B4C7DB /* Foundation.framework in Frameworks */ = {isa = PBXBuildFile; fileRef = 499A552D16F1CB7500B4C7DB /* Foundation.framework */; };
		499A553016F1CB7500B4C7DB /* CoreGraphics.framework in Frameworks */ = {isa = PBXBuildFile; fileRef = 499A552F16F1CB7500B4C7DB /* CoreGraphics.framework */; };
		499A553616F1CB7500B4C7DB /* InfoPlist.strings in Resources */ = {isa = PBXBuildFile; fileRef = 499A553416F1CB7500B4C7DB /* InfoPlist.strings */; };
		499A553816F1CB7500B4C7DB /* main.m in Sources */ = {isa = PBXBuildFile; fileRef = 499A553716F1CB7500B4C7DB /* main.m */; };
		499A553C16F1CB7500B4C7DB /* AppDelegate.m in Sources */ = {isa = PBXBuildFile; fileRef = 499A553B16F1CB7500B4C7DB /* AppDelegate.m */; };
		499A556416F1DA6E00B4C7DB /* SplashViewController.m in Sources */ = {isa = PBXBuildFile; fileRef = 499A556216F1DA6E00B4C7DB /* SplashViewController.m */; };
		499A556516F1DA6E00B4C7DB /* SplashViewController.xib in Resources */ = {isa = PBXBuildFile; fileRef = 499A556316F1DA6E00B4C7DB /* SplashViewController.xib */; };
		499A557016F1DDF000B4C7DB /* LoginViewController.m in Sources */ = {isa = PBXBuildFile; fileRef = 499A556E16F1DDF000B4C7DB /* LoginViewController.m */; settings = {COMPILER_FLAGS = "-fno-objc-arc"; }; };
		499A557116F1DDF000B4C7DB /* LoginViewController.xib in Resources */ = {isa = PBXBuildFile; fileRef = 499A556F16F1DDF000B4C7DB /* LoginViewController.xib */; };
		499A557516F1DE4000B4C7DB /* HomeViewController.m in Sources */ = {isa = PBXBuildFile; fileRef = 499A557316F1DE4000B4C7DB /* HomeViewController.m */; settings = {COMPILER_FLAGS = "-fno-objc-arc"; }; };
		499A557616F1DE4000B4C7DB /* HomeViewController.xib in Resources */ = {isa = PBXBuildFile; fileRef = 499A557416F1DE4000B4C7DB /* HomeViewController.xib */; };
		499A557B16F1E71B00B4C7DB /* checkbox.png in Resources */ = {isa = PBXBuildFile; fileRef = 499A557916F1E71B00B4C7DB /* checkbox.png */; };
		499A557C16F1E71B00B4C7DB /* checkbox-tick.png in Resources */ = {isa = PBXBuildFile; fileRef = 499A557A16F1E71B00B4C7DB /* checkbox-tick.png */; };
		499A55AD16F1FEB800B4C7DB /* NSObject+SBJSON.m in Sources */ = {isa = PBXBuildFile; fileRef = 499A559D16F1FEB800B4C7DB /* NSObject+SBJSON.m */; settings = {COMPILER_FLAGS = "-fno-objc-arc"; }; };
		499A55AE16F1FEB800B4C7DB /* NSString+SBJSON.m in Sources */ = {isa = PBXBuildFile; fileRef = 499A559F16F1FEB800B4C7DB /* NSString+SBJSON.m */; settings = {COMPILER_FLAGS = "-fno-objc-arc"; }; };
		499A55AF16F1FEB800B4C7DB /* SBJSON.m in Sources */ = {isa = PBXBuildFile; fileRef = 499A55A116F1FEB800B4C7DB /* SBJSON.m */; settings = {COMPILER_FLAGS = "-fno-objc-arc"; }; };
		499A55B016F1FEB800B4C7DB /* SBJsonBase.m in Sources */ = {isa = PBXBuildFile; fileRef = 499A55A316F1FEB800B4C7DB /* SBJsonBase.m */; settings = {COMPILER_FLAGS = "-fno-objc-arc"; }; };
		499A55B116F1FEB800B4C7DB /* SBJsonParser.m in Sources */ = {isa = PBXBuildFile; fileRef = 499A55A516F1FEB800B4C7DB /* SBJsonParser.m */; settings = {COMPILER_FLAGS = "-fno-objc-arc"; }; };
		499A55B216F1FEB800B4C7DB /* SBJsonWriter.m in Sources */ = {isa = PBXBuildFile; fileRef = 499A55A716F1FEB800B4C7DB /* SBJsonWriter.m */; settings = {COMPILER_FLAGS = "-fno-objc-arc"; }; };
		499B3F181713E28400DEB876 /* facebook_btnNew.png in Resources */ = {isa = PBXBuildFile; fileRef = 499B3F171713E28400DEB876 /* facebook_btnNew.png */; };
		499B3F1B1713E29000DEB876 /* facebook_btnNew@2x.png in Resources */ = {isa = PBXBuildFile; fileRef = 499B3F1A1713E29000DEB876 /* facebook_btnNew@2x.png */; };
		499B3F1F1713E42F00DEB876 /* Default.png in Resources */ = {isa = PBXBuildFile; fileRef = 499B3F1C1713E42F00DEB876 /* Default.png */; };
		499B3F201713E42F00DEB876 /* Default-568h@2x.png in Resources */ = {isa = PBXBuildFile; fileRef = 499B3F1D1713E42F00DEB876 /* Default-568h@2x.png */; };
		499B3F211713E42F00DEB876 /* Default@2x.png in Resources */ = {isa = PBXBuildFile; fileRef = 499B3F1E1713E42F00DEB876 /* Default@2x.png */; };
		499B3F231713EFBF00DEB876 /* signup_screen.png in Resources */ = {isa = PBXBuildFile; fileRef = 499B3F221713EFBF00DEB876 /* signup_screen.png */; };
		499B3F261713EFCA00DEB876 /* Signup_screen_new_5.png in Resources */ = {isa = PBXBuildFile; fileRef = 499B3F241713EFCA00DEB876 /* Signup_screen_new_5.png */; };
		499B3F271713EFCA00DEB876 /* signup_screen@2x.png in Resources */ = {isa = PBXBuildFile; fileRef = 499B3F251713EFCA00DEB876 /* signup_screen@2x.png */; };
		499B3F311713F28C00DEB876 /* Social.framework in Frameworks */ = {isa = PBXBuildFile; fileRef = 499B3F301713F28C00DEB876 /* Social.framework */; settings = {ATTRIBUTES = (Weak, ); }; };
		499B3F331713F8F300DEB876 /* Accounts.framework in Frameworks */ = {isa = PBXBuildFile; fileRef = 499B3F321713F8F300DEB876 /* Accounts.framework */; settings = {ATTRIBUTES = (Weak, ); }; };
		499B3F351714333A00DEB876 /* icon-locationArrow.png in Resources */ = {isa = PBXBuildFile; fileRef = 499B3F341714333A00DEB876 /* icon-locationArrow.png */; };
		499B3F371714334300DEB876 /* icon-locationArrow@2x.png in Resources */ = {isa = PBXBuildFile; fileRef = 499B3F361714334300DEB876 /* icon-locationArrow@2x.png */; };
		499B3F391714352C00DEB876 /* get_directions_btn.png in Resources */ = {isa = PBXBuildFile; fileRef = 499B3F381714352C00DEB876 /* get_directions_btn.png */; };
		499B3F3B1714353300DEB876 /* get_directions_btn@2x.png in Resources */ = {isa = PBXBuildFile; fileRef = 499B3F3A1714353300DEB876 /* get_directions_btn@2x.png */; };
		49AC138C173CDD6700F44612 /* ge_drinksontheHouse@2x.png in Resources */ = {isa = PBXBuildFile; fileRef = 49AC138B173CDD6700F44612 /* ge_drinksontheHouse@2x.png */; };
		49AC138F173CDD8B00F44612 /* ge_drinksontheHouse.png in Resources */ = {isa = PBXBuildFile; fileRef = 49AC138E173CDD8B00F44612 /* ge_drinksontheHouse.png */; };
		49F953B317096EB600AC6503 /* SDImageCache.m in Sources */ = {isa = PBXBuildFile; fileRef = 49F953A217096EB600AC6503 /* SDImageCache.m */; settings = {COMPILER_FLAGS = "-fno-objc-arc"; }; };
		49F953B417096EB600AC6503 /* SDWebImageDecoder.m in Sources */ = {isa = PBXBuildFile; fileRef = 49F953A617096EB600AC6503 /* SDWebImageDecoder.m */; settings = {COMPILER_FLAGS = "-fno-objc-arc"; }; };
		49F953B517096EB600AC6503 /* SDWebImageDownloader.m in Sources */ = {isa = PBXBuildFile; fileRef = 49F953A817096EB600AC6503 /* SDWebImageDownloader.m */; settings = {COMPILER_FLAGS = "-fno-objc-arc"; }; };
		49F953B617096EB600AC6503 /* SDWebImageManager.m in Sources */ = {isa = PBXBuildFile; fileRef = 49F953AB17096EB600AC6503 /* SDWebImageManager.m */; settings = {COMPILER_FLAGS = "-fno-objc-arc"; }; };
		49F953B717096EB600AC6503 /* SDWebImagePrefetcher.m in Sources */ = {isa = PBXBuildFile; fileRef = 49F953AE17096EB600AC6503 /* SDWebImagePrefetcher.m */; settings = {COMPILER_FLAGS = "-fno-objc-arc"; }; };
		49F953B817096EB600AC6503 /* UIButton+WebCache.m in Sources */ = {isa = PBXBuildFile; fileRef = 49F953B017096EB600AC6503 /* UIButton+WebCache.m */; settings = {COMPILER_FLAGS = "-fno-objc-arc"; }; };
		49F953B917096EB600AC6503 /* UIImageView+WebCache.m in Sources */ = {isa = PBXBuildFile; fileRef = 49F953B217096EB600AC6503 /* UIImageView+WebCache.m */; settings = {COMPILER_FLAGS = "-fno-objc-arc"; }; };
		49F953BB1709706600AC6503 /* QuartzCore.framework in Frameworks */ = {isa = PBXBuildFile; fileRef = 49F953BA1709706600AC6503 /* QuartzCore.framework */; };
		49F953BD1709707B00AC6503 /* SystemConfiguration.framework in Frameworks */ = {isa = PBXBuildFile; fileRef = 49F953BC1709707B00AC6503 /* SystemConfiguration.framework */; };
		5023854F17A653DB00BF11EC /* UIKit.framework in Frameworks */ = {isa = PBXBuildFile; fileRef = 499A552B16F1CB7500B4C7DB /* UIKit.framework */; };
		502A06A31782A15D00D6D106 /* voucherredeemed_button_new.png in Resources */ = {isa = PBXBuildFile; fileRef = 502A069F1782A15D00D6D106 /* voucherredeemed_button_new.png */; };
		502A06A41782A15D00D6D106 /* voucherredeemed_button_new@2x.png in Resources */ = {isa = PBXBuildFile; fileRef = 502A06A01782A15D00D6D106 /* voucherredeemed_button_new@2x.png */; };
		502A06A51782A15D00D6D106 /* voucherredeemed_button_blank_new.png in Resources */ = {isa = PBXBuildFile; fileRef = 502A06A11782A15D00D6D106 /* voucherredeemed_button_blank_new.png */; };
		502A06A61782A15D00D6D106 /* voucherredeemed_button_blank_new@2x.png in Resources */ = {isa = PBXBuildFile; fileRef = 502A06A21782A15D00D6D106 /* voucherredeemed_button_blank_new@2x.png */; };
		503644F617589DFD0033C3FF /* termsuse_1-1.png in Resources */ = {isa = PBXBuildFile; fileRef = 503644F417589DFD0033C3FF /* termsuse_1-1.png */; };
		503644F717589DFD0033C3FF /* termsuse_1-1@2x.png in Resources */ = {isa = PBXBuildFile; fileRef = 503644F517589DFD0033C3FF /* termsuse_1-1@2x.png */; };
		5044863917575F1300F423FE /* terms_use.png in Resources */ = {isa = PBXBuildFile; fileRef = 5044863817575F1300F423FE /* terms_use.png */; };
		5044863B175769EA00F423FE /* terms_use_new@2x.png in Resources */ = {isa = PBXBuildFile; fileRef = 5044863A175769EA00F423FE /* terms_use_new@2x.png */; };
		5044863E17576C6A00F423FE /* terms_use_2x.png in Resources */ = {isa = PBXBuildFile; fileRef = 5044863C17576C6A00F423FE /* terms_use_2x.png */; };
		5044863F17576C6A00F423FE /* terms_use_new.png in Resources */ = {isa = PBXBuildFile; fileRef = 5044863D17576C6A00F423FE /* terms_use_new.png */; };
		504486421757720400F423FE /* termsuse_11.png in Resources */ = {isa = PBXBuildFile; fileRef = 504486401757720300F423FE /* termsuse_11.png */; };
		504486431757720400F423FE /* termsuse_11@2x.png in Resources */ = {isa = PBXBuildFile; fileRef = 504486411757720400F423FE /* termsuse_11@2x.png */; };
		507C30BE170BEBA800469119 /* FBDialog.m in Sources */ = {isa = PBXBuildFile; fileRef = 507C30B1170BEBA800469119 /* FBDialog.m */; settings = {COMPILER_FLAGS = "-fno-objc-arc"; }; };
		507C30BF170BEBA800469119 /* Facebook.m in Sources */ = {isa = PBXBuildFile; fileRef = 507C30B2170BEBA800469119 /* Facebook.m */; settings = {COMPILER_FLAGS = "-fno-objc-arc"; }; };
		507C30C0170BEBA800469119 /* FBConnect.bundle in Resources */ = {isa = PBXBuildFile; fileRef = 507C30B4170BEBA800469119 /* FBConnect.bundle */; };
		507C30C1170BEBA800469119 /* FBDialog.bundle in Resources */ = {isa = PBXBuildFile; fileRef = 507C30B6170BEBA800469119 /* FBDialog.bundle */; };
		507C30C2170BEBA800469119 /* FBFrictionlessRequestSettings.m in Sources */ = {isa = PBXBuildFile; fileRef = 507C30B9170BEBA800469119 /* FBFrictionlessRequestSettings.m */; settings = {COMPILER_FLAGS = "-fno-objc-arc"; }; };
		507C30C3170BEBA800469119 /* FBLoginDialog.m in Sources */ = {isa = PBXBuildFile; fileRef = 507C30BB170BEBA800469119 /* FBLoginDialog.m */; settings = {COMPILER_FLAGS = "-fno-objc-arc"; }; };
		507C30C4170BEBA800469119 /* FBRequest.m in Sources */ = {isa = PBXBuildFile; fileRef = 507C30BD170BEBA800469119 /* FBRequest.m */; settings = {COMPILER_FLAGS = "-fno-objc-arc"; }; };
		50A3308517ABB02E00164108 /* MessageUI.framework in Frameworks */ = {isa = PBXBuildFile; fileRef = 50A3308417ABB02E00164108 /* MessageUI.framework */; };
		C5A1B50C17B028CA006E2C09 /* Crashlytics.framework in Frameworks */ = {isa = PBXBuildFile; fileRef = C5A1B50B17B028CA006E2C09 /* Crashlytics.framework */; };
/* End PBXBuildFile section */

/* Begin PBXFileReference section */
		49077B1E1706A224004DC9D2 /* background_4.png */ = {isa = PBXFileReference; lastKnownFileType = image.png; path = background_4.png; sourceTree = "<group>"; };
		49077B1F1706A224004DC9D2 /* getdriking_screen_4.png */ = {isa = PBXFileReference; lastKnownFileType = image.png; path = getdriking_screen_4.png; sourceTree = "<group>"; };
		49077B201706A224004DC9D2 /* main-img.png */ = {isa = PBXFileReference; lastKnownFileType = image.png; path = "main-img.png"; sourceTree = "<group>"; };
		49077B211706A224004DC9D2 /* signup_screen_4.png */ = {isa = PBXFileReference; lastKnownFileType = image.png; path = signup_screen_4.png; sourceTree = "<group>"; };
		49077B231706A224004DC9D2 /* back_button.png */ = {isa = PBXFileReference; lastKnownFileType = image.png; path = back_button.png; sourceTree = "<group>"; };
		49077B241706A224004DC9D2 /* background_5.png */ = {isa = PBXFileReference; lastKnownFileType = image.png; path = background_5.png; sourceTree = "<group>"; };
		49077B251706A224004DC9D2 /* currentvoucher_btn.png */ = {isa = PBXFileReference; lastKnownFileType = image.png; path = currentvoucher_btn.png; sourceTree = "<group>"; };
		49077B261706A224004DC9D2 /* currentvoucher_screen_5.png */ = {isa = PBXFileReference; lastKnownFileType = image.png; path = currentvoucher_screen_5.png; sourceTree = "<group>"; };
		49077B271706A224004DC9D2 /* drinking_button.png */ = {isa = PBXFileReference; lastKnownFileType = image.png; path = drinking_button.png; sourceTree = "<group>"; };
		49077B281706A224004DC9D2 /* facebook_btn.png */ = {isa = PBXFileReference; lastKnownFileType = image.png; path = facebook_btn.png; sourceTree = "<group>"; };
		49077B291706A224004DC9D2 /* getdriking_screen.png */ = {isa = PBXFileReference; lastKnownFileType = image.png; path = getdriking_screen.png; sourceTree = "<group>"; };
		49077B2A1706A224004DC9D2 /* map_background.png */ = {isa = PBXFileReference; lastKnownFileType = image.png; path = map_background.png; sourceTree = "<group>"; };
		49077B2B1706A224004DC9D2 /* phone_button.png */ = {isa = PBXFileReference; lastKnownFileType = image.png; path = phone_button.png; sourceTree = "<group>"; };
		49077B2C1706A224004DC9D2 /* redeemyourvocher_button.png */ = {isa = PBXFileReference; lastKnownFileType = image.png; path = redeemyourvocher_button.png; sourceTree = "<group>"; };
		49077B2D1706A224004DC9D2 /* Signup_screen_5.png */ = {isa = PBXFileReference; lastKnownFileType = image.png; path = Signup_screen_5.png; sourceTree = "<group>"; };
		49077B2E1706A224004DC9D2 /* splash_screen_5.png */ = {isa = PBXFileReference; lastKnownFileType = image.png; path = splash_screen_5.png; sourceTree = "<group>"; };
		49077B2F1706A224004DC9D2 /* topbar.png */ = {isa = PBXFileReference; lastKnownFileType = image.png; path = topbar.png; sourceTree = "<group>"; };
		49077B301706A224004DC9D2 /* voucherredeemed_button.png */ = {isa = PBXFileReference; lastKnownFileType = image.png; path = voucherredeemed_button.png; sourceTree = "<group>"; };
		49077B311706A224004DC9D2 /* website_button.png */ = {isa = PBXFileReference; lastKnownFileType = image.png; path = website_button.png; sourceTree = "<group>"; };
		49077B461706A230004DC9D2 /* main-img@2x.png */ = {isa = PBXFileReference; lastKnownFileType = image.png; path = "main-img@2x.png"; sourceTree = "<group>"; };
		49077B471706A230004DC9D2 /* getdriking_screen_4@2x.png */ = {isa = PBXFileReference; lastKnownFileType = image.png; path = "getdriking_screen_4@2x.png"; sourceTree = "<group>"; };
		49077B481706A230004DC9D2 /* signup_screen_4@2x.png */ = {isa = PBXFileReference; lastKnownFileType = image.png; path = "signup_screen_4@2x.png"; sourceTree = "<group>"; };
		49077B4A1706A230004DC9D2 /* background_4@2x.png */ = {isa = PBXFileReference; lastKnownFileType = image.png; path = "background_4@2x.png"; sourceTree = "<group>"; };
		49077B4B1706A230004DC9D2 /* back_button@2x.png */ = {isa = PBXFileReference; lastKnownFileType = image.png; path = "back_button@2x.png"; sourceTree = "<group>"; };
		49077B4C1706A230004DC9D2 /* topbar@2x.png */ = {isa = PBXFileReference; lastKnownFileType = image.png; path = "topbar@2x.png"; sourceTree = "<group>"; };
		49077B4D1706A230004DC9D2 /* redeemyourvocher_button@2x.png */ = {isa = PBXFileReference; lastKnownFileType = image.png; path = "redeemyourvocher_button@2x.png"; sourceTree = "<group>"; };
		49077B4E1706A230004DC9D2 /* map_background@2x.png */ = {isa = PBXFileReference; lastKnownFileType = image.png; path = "map_background@2x.png"; sourceTree = "<group>"; };
		49077B4F1706A230004DC9D2 /* website_button@2x.png */ = {isa = PBXFileReference; lastKnownFileType = image.png; path = "website_button@2x.png"; sourceTree = "<group>"; };
		49077B501706A230004DC9D2 /* phone_button@2x.png */ = {isa = PBXFileReference; lastKnownFileType = image.png; path = "phone_button@2x.png"; sourceTree = "<group>"; };
		49077B511706A230004DC9D2 /* voucherredeemed_button@2x.png */ = {isa = PBXFileReference; lastKnownFileType = image.png; path = "voucherredeemed_button@2x.png"; sourceTree = "<group>"; };
		49077B521706A230004DC9D2 /* currentvoucher_btn@2x.png */ = {isa = PBXFileReference; lastKnownFileType = image.png; path = "currentvoucher_btn@2x.png"; sourceTree = "<group>"; };
		49077B531706A230004DC9D2 /* currentvoucher_screen_5@2x.png */ = {isa = PBXFileReference; lastKnownFileType = image.png; path = "currentvoucher_screen_5@2x.png"; sourceTree = "<group>"; };
		49077B541706A230004DC9D2 /* drinking_button@2x.png */ = {isa = PBXFileReference; lastKnownFileType = image.png; path = "drinking_button@2x.png"; sourceTree = "<group>"; };
		49077B551706A230004DC9D2 /* getdriking_screen@2x.png */ = {isa = PBXFileReference; lastKnownFileType = image.png; path = "getdriking_screen@2x.png"; sourceTree = "<group>"; };
		49077B561706A230004DC9D2 /* facebook_btn@2x.png */ = {isa = PBXFileReference; lastKnownFileType = image.png; path = "facebook_btn@2x.png"; sourceTree = "<group>"; };
		49077B571706A230004DC9D2 /* Signup_screen_5@2x.png */ = {isa = PBXFileReference; lastKnownFileType = image.png; path = "Signup_screen_5@2x.png"; sourceTree = "<group>"; };
		49077B591706A230004DC9D2 /* background_5@2x.png */ = {isa = PBXFileReference; lastKnownFileType = image.png; path = "background_5@2x.png"; sourceTree = "<group>"; };
		49077B771706C68F004DC9D2 /* dismiss_button@2x.png */ = {isa = PBXFileReference; lastKnownFileType = image.png; path = "dismiss_button@2x.png"; sourceTree = "<group>"; };
		49077B791706C8DC004DC9D2 /* dismiss_button.png */ = {isa = PBXFileReference; lastKnownFileType = image.png; path = dismiss_button.png; sourceTree = "<group>"; };
		49077B9B1706FED7004DC9D2 /* iTunesArtwork */ = {isa = PBXFileReference; lastKnownFileType = file; path = iTunesArtwork; sourceTree = "<group>"; };
		49077B9C1706FED7004DC9D2 /* Icon@2x.png */ = {isa = PBXFileReference; lastKnownFileType = image.png; path = "Icon@2x.png"; sourceTree = "<group>"; };
		49077B9D1706FED7004DC9D2 /* Icon.png */ = {isa = PBXFileReference; lastKnownFileType = image.png; path = Icon.png; sourceTree = "<group>"; };
		49077B9E1706FED7004DC9D2 /* Icon-Small@2x.png */ = {isa = PBXFileReference; lastKnownFileType = image.png; path = "Icon-Small@2x.png"; sourceTree = "<group>"; };
		49077B9F1706FED7004DC9D2 /* Icon-Small.png */ = {isa = PBXFileReference; lastKnownFileType = image.png; path = "Icon-Small.png"; sourceTree = "<group>"; };
		49077BA01706FED7004DC9D2 /* Icon-Small-50.png */ = {isa = PBXFileReference; lastKnownFileType = image.png; path = "Icon-Small-50.png"; sourceTree = "<group>"; };
		49077BA11706FED7004DC9D2 /* Icon-72.png */ = {isa = PBXFileReference; lastKnownFileType = image.png; path = "Icon-72.png"; sourceTree = "<group>"; };
		49077BA21706FED7004DC9D2 /* onthhouse1024.png */ = {isa = PBXFileReference; lastKnownFileType = image.png; path = onthhouse1024.png; sourceTree = "<group>"; };
		491123A517054DD000777DD6 /* MapKit.framework */ = {isa = PBXFileReference; lastKnownFileType = wrapper.framework; name = MapKit.framework; path = System/Library/Frameworks/MapKit.framework; sourceTree = SDKROOT; };
		491123A817055C0600777DD6 /* CoreLocation.framework */ = {isa = PBXFileReference; lastKnownFileType = wrapper.framework; name = CoreLocation.framework; path = System/Library/Frameworks/CoreLocation.framework; sourceTree = SDKROOT; };
		491123BE17056FB100777DD6 /* MBProgressHUD.h */ = {isa = PBXFileReference; fileEncoding = 4; lastKnownFileType = sourcecode.c.h; path = MBProgressHUD.h; sourceTree = "<group>"; };
		491123BF17056FB100777DD6 /* MBProgressHUD.m */ = {isa = PBXFileReference; fileEncoding = 4; lastKnownFileType = sourcecode.c.objc; path = MBProgressHUD.m; sourceTree = "<group>"; };
		491123CA1705854800777DD6 /* MapViewController.h */ = {isa = PBXFileReference; fileEncoding = 4; lastKnownFileType = sourcecode.c.h; path = MapViewController.h; sourceTree = "<group>"; };
		491123CB1705854800777DD6 /* MapViewController.m */ = {isa = PBXFileReference; fileEncoding = 4; lastKnownFileType = sourcecode.c.objc; path = MapViewController.m; sourceTree = "<group>"; };
		491123CC1705854800777DD6 /* MapViewController.xib */ = {isa = PBXFileReference; fileEncoding = 4; lastKnownFileType = file.xib; path = MapViewController.xib; sourceTree = "<group>"; };
		4911B55416F828550038799C /* BarDetailViewController.h */ = {isa = PBXFileReference; fileEncoding = 4; lastKnownFileType = sourcecode.c.h; path = BarDetailViewController.h; sourceTree = "<group>"; };
		4911B55516F828550038799C /* BarDetailViewController.m */ = {isa = PBXFileReference; fileEncoding = 4; lastKnownFileType = sourcecode.c.objc; path = BarDetailViewController.m; sourceTree = "<group>"; };
		4911B55616F828550038799C /* BarDetailViewController.xib */ = {isa = PBXFileReference; fileEncoding = 4; lastKnownFileType = file.xib; path = BarDetailViewController.xib; sourceTree = "<group>"; };
		493F900D171D1B0F00370A71 /* blank_btn.png */ = {isa = PBXFileReference; lastKnownFileType = image.png; path = blank_btn.png; sourceTree = "<group>"; };
		493F9010171D1B1600370A71 /* blank_btn@2x.png */ = {isa = PBXFileReference; lastKnownFileType = image.png; path = "blank_btn@2x.png"; sourceTree = "<group>"; };
		494DCB851742082B0012ED59 /* checkbox-selectd@2x.png */ = {isa = PBXFileReference; lastKnownFileType = image.png; path = "checkbox-selectd@2x.png"; sourceTree = "<group>"; };
		494DCB861742082B0012ED59 /* voucherredeemed_button_blank@2x.png */ = {isa = PBXFileReference; lastKnownFileType = image.png; path = "voucherredeemed_button_blank@2x.png"; sourceTree = "<group>"; };
		494DCB8A174208670012ED59 /* voucherredeemed_button_blank.png */ = {isa = PBXFileReference; lastKnownFileType = image.png; path = voucherredeemed_button_blank.png; sourceTree = "<group>"; };
		494DCB8B174208670012ED59 /* checkbox-selectd.png */ = {isa = PBXFileReference; lastKnownFileType = image.png; path = "checkbox-selectd.png"; sourceTree = "<group>"; };
		495E5D8E1717F46400AC996A /* Reachability.h */ = {isa = PBXFileReference; fileEncoding = 4; lastKnownFileType = sourcecode.c.h; path = Reachability.h; sourceTree = "<group>"; };
		495E5D8F1717F46400AC996A /* Reachability.m */ = {isa = PBXFileReference; fileEncoding = 4; lastKnownFileType = sourcecode.c.objc; path = Reachability.m; sourceTree = "<group>"; };
		495F2A0D171FAD9700A27959 /* icon-locationArrow-white@2x.png */ = {isa = PBXFileReference; lastKnownFileType = image.png; path = "icon-locationArrow-white@2x.png"; sourceTree = "<group>"; };
		495F2A10171FAD9F00A27959 /* icon-locationArrow-white.png */ = {isa = PBXFileReference; lastKnownFileType = image.png; path = "icon-locationArrow-white.png"; sourceTree = "<group>"; };
		4960DFDE17098703006319D7 /* ImageIO.framework */ = {isa = PBXFileReference; lastKnownFileType = wrapper.framework; name = ImageIO.framework; path = System/Library/Frameworks/ImageIO.framework; sourceTree = SDKROOT; };
		4960DFE11709B1FE006319D7 /* 4_direction.png */ = {isa = PBXFileReference; lastKnownFileType = image.png; path = 4_direction.png; sourceTree = "<group>"; };
		49665523170D4C8300CC8FAF /* getdriking_screen_new_5.png */ = {isa = PBXFileReference; lastKnownFileType = image.png; path = getdriking_screen_new_5.png; sourceTree = "<group>"; };
		49665526170D4CF000CC8FAF /* getdriking_screen_new.png */ = {isa = PBXFileReference; lastKnownFileType = image.png; path = getdriking_screen_new.png; sourceTree = "<group>"; };
		49665528170D4CF700CC8FAF /* getdriking_screen_new@2x.png */ = {isa = PBXFileReference; lastKnownFileType = image.png; path = "getdriking_screen_new@2x.png"; sourceTree = "<group>"; };
		4977671E170AAB170055D71E /* CFNetwork.framework */ = {isa = PBXFileReference; lastKnownFileType = wrapper.framework; name = CFNetwork.framework; path = System/Library/Frameworks/CFNetwork.framework; sourceTree = SDKROOT; };
		499A552716F1CB7500B4C7DB /* DrinkVoucher.app */ = {isa = PBXFileReference; explicitFileType = wrapper.application; includeInIndex = 0; path = DrinkVoucher.app; sourceTree = BUILT_PRODUCTS_DIR; };
		499A552B16F1CB7500B4C7DB /* UIKit.framework */ = {isa = PBXFileReference; lastKnownFileType = wrapper.framework; name = UIKit.framework; path = System/Library/Frameworks/UIKit.framework; sourceTree = SDKROOT; };
		499A552D16F1CB7500B4C7DB /* Foundation.framework */ = {isa = PBXFileReference; lastKnownFileType = wrapper.framework; name = Foundation.framework; path = System/Library/Frameworks/Foundation.framework; sourceTree = SDKROOT; };
		499A552F16F1CB7500B4C7DB /* CoreGraphics.framework */ = {isa = PBXFileReference; lastKnownFileType = wrapper.framework; name = CoreGraphics.framework; path = System/Library/Frameworks/CoreGraphics.framework; sourceTree = SDKROOT; };
		499A553316F1CB7500B4C7DB /* DrinkVoucher-Info.plist */ = {isa = PBXFileReference; lastKnownFileType = text.plist.xml; path = "DrinkVoucher-Info.plist"; sourceTree = "<group>"; };
		499A553516F1CB7500B4C7DB /* en */ = {isa = PBXFileReference; lastKnownFileType = text.plist.strings; name = en; path = en.lproj/InfoPlist.strings; sourceTree = "<group>"; };
		499A553716F1CB7500B4C7DB /* main.m */ = {isa = PBXFileReference; lastKnownFileType = sourcecode.c.objc; path = main.m; sourceTree = "<group>"; };
		499A553916F1CB7500B4C7DB /* DrinkVoucher-Prefix.pch */ = {isa = PBXFileReference; lastKnownFileType = sourcecode.c.h; path = "DrinkVoucher-Prefix.pch"; sourceTree = "<group>"; };
		499A553A16F1CB7500B4C7DB /* AppDelegate.h */ = {isa = PBXFileReference; lastKnownFileType = sourcecode.c.h; path = AppDelegate.h; sourceTree = "<group>"; };
		499A553B16F1CB7500B4C7DB /* AppDelegate.m */ = {isa = PBXFileReference; lastKnownFileType = sourcecode.c.objc; path = AppDelegate.m; sourceTree = "<group>"; };
		499A556116F1DA6E00B4C7DB /* SplashViewController.h */ = {isa = PBXFileReference; fileEncoding = 4; lastKnownFileType = sourcecode.c.h; path = SplashViewController.h; sourceTree = "<group>"; };
		499A556216F1DA6E00B4C7DB /* SplashViewController.m */ = {isa = PBXFileReference; fileEncoding = 4; lastKnownFileType = sourcecode.c.objc; path = SplashViewController.m; sourceTree = "<group>"; };
		499A556316F1DA6E00B4C7DB /* SplashViewController.xib */ = {isa = PBXFileReference; fileEncoding = 4; lastKnownFileType = file.xib; path = SplashViewController.xib; sourceTree = "<group>"; };
		499A556D16F1DDF000B4C7DB /* LoginViewController.h */ = {isa = PBXFileReference; fileEncoding = 4; lastKnownFileType = sourcecode.c.h; path = LoginViewController.h; sourceTree = "<group>"; };
		499A556E16F1DDF000B4C7DB /* LoginViewController.m */ = {isa = PBXFileReference; fileEncoding = 4; lastKnownFileType = sourcecode.c.objc; path = LoginViewController.m; sourceTree = "<group>"; };
		499A556F16F1DDF000B4C7DB /* LoginViewController.xib */ = {isa = PBXFileReference; fileEncoding = 4; lastKnownFileType = file.xib; path = LoginViewController.xib; sourceTree = "<group>"; };
		499A557216F1DE4000B4C7DB /* HomeViewController.h */ = {isa = PBXFileReference; fileEncoding = 4; lastKnownFileType = sourcecode.c.h; path = HomeViewController.h; sourceTree = "<group>"; };
		499A557316F1DE4000B4C7DB /* HomeViewController.m */ = {isa = PBXFileReference; fileEncoding = 4; lastKnownFileType = sourcecode.c.objc; path = HomeViewController.m; sourceTree = "<group>"; };
		499A557416F1DE4000B4C7DB /* HomeViewController.xib */ = {isa = PBXFileReference; fileEncoding = 4; lastKnownFileType = file.xib; path = HomeViewController.xib; sourceTree = "<group>"; };
		499A557916F1E71B00B4C7DB /* checkbox.png */ = {isa = PBXFileReference; lastKnownFileType = image.png; path = checkbox.png; sourceTree = "<group>"; };
		499A557A16F1E71B00B4C7DB /* checkbox-tick.png */ = {isa = PBXFileReference; lastKnownFileType = image.png; path = "checkbox-tick.png"; sourceTree = "<group>"; };
		499A559B16F1FEB800B4C7DB /* JSON.h */ = {isa = PBXFileReference; fileEncoding = 4; lastKnownFileType = sourcecode.c.h; path = JSON.h; sourceTree = "<group>"; };
		499A559C16F1FEB800B4C7DB /* NSObject+SBJSON.h */ = {isa = PBXFileReference; fileEncoding = 4; lastKnownFileType = sourcecode.c.h; path = "NSObject+SBJSON.h"; sourceTree = "<group>"; };
		499A559D16F1FEB800B4C7DB /* NSObject+SBJSON.m */ = {isa = PBXFileReference; fileEncoding = 4; lastKnownFileType = sourcecode.c.objc; path = "NSObject+SBJSON.m"; sourceTree = "<group>"; };
		499A559E16F1FEB800B4C7DB /* NSString+SBJSON.h */ = {isa = PBXFileReference; fileEncoding = 4; lastKnownFileType = sourcecode.c.h; path = "NSString+SBJSON.h"; sourceTree = "<group>"; };
		499A559F16F1FEB800B4C7DB /* NSString+SBJSON.m */ = {isa = PBXFileReference; fileEncoding = 4; lastKnownFileType = sourcecode.c.objc; path = "NSString+SBJSON.m"; sourceTree = "<group>"; };
		499A55A016F1FEB800B4C7DB /* SBJSON.h */ = {isa = PBXFileReference; fileEncoding = 4; lastKnownFileType = sourcecode.c.h; path = SBJSON.h; sourceTree = "<group>"; };
		499A55A116F1FEB800B4C7DB /* SBJSON.m */ = {isa = PBXFileReference; fileEncoding = 4; lastKnownFileType = sourcecode.c.objc; path = SBJSON.m; sourceTree = "<group>"; };
		499A55A216F1FEB800B4C7DB /* SBJsonBase.h */ = {isa = PBXFileReference; fileEncoding = 4; lastKnownFileType = sourcecode.c.h; path = SBJsonBase.h; sourceTree = "<group>"; };
		499A55A316F1FEB800B4C7DB /* SBJsonBase.m */ = {isa = PBXFileReference; fileEncoding = 4; lastKnownFileType = sourcecode.c.objc; path = SBJsonBase.m; sourceTree = "<group>"; };
		499A55A416F1FEB800B4C7DB /* SBJsonParser.h */ = {isa = PBXFileReference; fileEncoding = 4; lastKnownFileType = sourcecode.c.h; path = SBJsonParser.h; sourceTree = "<group>"; };
		499A55A516F1FEB800B4C7DB /* SBJsonParser.m */ = {isa = PBXFileReference; fileEncoding = 4; lastKnownFileType = sourcecode.c.objc; path = SBJsonParser.m; sourceTree = "<group>"; };
		499A55A616F1FEB800B4C7DB /* SBJsonWriter.h */ = {isa = PBXFileReference; fileEncoding = 4; lastKnownFileType = sourcecode.c.h; path = SBJsonWriter.h; sourceTree = "<group>"; };
		499A55A716F1FEB800B4C7DB /* SBJsonWriter.m */ = {isa = PBXFileReference; fileEncoding = 4; lastKnownFileType = sourcecode.c.objc; path = SBJsonWriter.m; sourceTree = "<group>"; };
		499B3F171713E28400DEB876 /* facebook_btnNew.png */ = {isa = PBXFileReference; lastKnownFileType = image.png; path = facebook_btnNew.png; sourceTree = "<group>"; };
		499B3F1A1713E29000DEB876 /* facebook_btnNew@2x.png */ = {isa = PBXFileReference; lastKnownFileType = image.png; path = "facebook_btnNew@2x.png"; sourceTree = "<group>"; };
		499B3F1C1713E42F00DEB876 /* Default.png */ = {isa = PBXFileReference; lastKnownFileType = image.png; path = Default.png; sourceTree = "<group>"; };
		499B3F1D1713E42F00DEB876 /* Default-568h@2x.png */ = {isa = PBXFileReference; lastKnownFileType = image.png; path = "Default-568h@2x.png"; sourceTree = "<group>"; };
		499B3F1E1713E42F00DEB876 /* Default@2x.png */ = {isa = PBXFileReference; lastKnownFileType = image.png; path = "Default@2x.png"; sourceTree = "<group>"; };
		499B3F221713EFBF00DEB876 /* signup_screen.png */ = {isa = PBXFileReference; lastKnownFileType = image.png; path = signup_screen.png; sourceTree = "<group>"; };
		499B3F241713EFCA00DEB876 /* Signup_screen_new_5.png */ = {isa = PBXFileReference; lastKnownFileType = image.png; path = Signup_screen_new_5.png; sourceTree = "<group>"; };
		499B3F251713EFCA00DEB876 /* signup_screen@2x.png */ = {isa = PBXFileReference; lastKnownFileType = image.png; path = "signup_screen@2x.png"; sourceTree = "<group>"; };
		499B3F301713F28C00DEB876 /* Social.framework */ = {isa = PBXFileReference; lastKnownFileType = wrapper.framework; name = Social.framework; path = System/Library/Frameworks/Social.framework; sourceTree = SDKROOT; };
		499B3F321713F8F300DEB876 /* Accounts.framework */ = {isa = PBXFileReference; lastKnownFileType = wrapper.framework; name = Accounts.framework; path = System/Library/Frameworks/Accounts.framework; sourceTree = SDKROOT; };
		499B3F341714333A00DEB876 /* icon-locationArrow.png */ = {isa = PBXFileReference; lastKnownFileType = image.png; path = "icon-locationArrow.png"; sourceTree = "<group>"; };
		499B3F361714334300DEB876 /* icon-locationArrow@2x.png */ = {isa = PBXFileReference; lastKnownFileType = image.png; path = "icon-locationArrow@2x.png"; sourceTree = "<group>"; };
		499B3F381714352C00DEB876 /* get_directions_btn.png */ = {isa = PBXFileReference; lastKnownFileType = image.png; path = get_directions_btn.png; sourceTree = "<group>"; };
		499B3F3A1714353300DEB876 /* get_directions_btn@2x.png */ = {isa = PBXFileReference; lastKnownFileType = image.png; path = "get_directions_btn@2x.png"; sourceTree = "<group>"; };
		49AC138B173CDD6700F44612 /* ge_drinksontheHouse@2x.png */ = {isa = PBXFileReference; lastKnownFileType = image.png; path = "ge_drinksontheHouse@2x.png"; sourceTree = "<group>"; };
		49AC138E173CDD8B00F44612 /* ge_drinksontheHouse.png */ = {isa = PBXFileReference; lastKnownFileType = image.png; path = ge_drinksontheHouse.png; sourceTree = "<group>"; };
		49ECA9D6170470800016EFD0 /* Constant.h */ = {isa = PBXFileReference; fileEncoding = 4; lastKnownFileType = sourcecode.c.h; name = Constant.h; path = ../Constant.h; sourceTree = "<group>"; };
		49F953A117096EB600AC6503 /* SDImageCache.h */ = {isa = PBXFileReference; fileEncoding = 4; lastKnownFileType = sourcecode.c.h; path = SDImageCache.h; sourceTree = "<group>"; };
		49F953A217096EB600AC6503 /* SDImageCache.m */ = {isa = PBXFileReference; fileEncoding = 4; lastKnownFileType = sourcecode.c.objc; path = SDImageCache.m; sourceTree = "<group>"; };
		49F953A317096EB600AC6503 /* SDImageCacheDelegate.h */ = {isa = PBXFileReference; fileEncoding = 4; lastKnownFileType = sourcecode.c.h; path = SDImageCacheDelegate.h; sourceTree = "<group>"; };
		49F953A417096EB600AC6503 /* SDWebImageCompat.h */ = {isa = PBXFileReference; fileEncoding = 4; lastKnownFileType = sourcecode.c.h; path = SDWebImageCompat.h; sourceTree = "<group>"; };
		49F953A517096EB600AC6503 /* SDWebImageDecoder.h */ = {isa = PBXFileReference; fileEncoding = 4; lastKnownFileType = sourcecode.c.h; path = SDWebImageDecoder.h; sourceTree = "<group>"; };
		49F953A617096EB600AC6503 /* SDWebImageDecoder.m */ = {isa = PBXFileReference; fileEncoding = 4; lastKnownFileType = sourcecode.c.objc; path = SDWebImageDecoder.m; sourceTree = "<group>"; };
		49F953A717096EB600AC6503 /* SDWebImageDownloader.h */ = {isa = PBXFileReference; fileEncoding = 4; lastKnownFileType = sourcecode.c.h; path = SDWebImageDownloader.h; sourceTree = "<group>"; };
		49F953A817096EB600AC6503 /* SDWebImageDownloader.m */ = {isa = PBXFileReference; fileEncoding = 4; lastKnownFileType = sourcecode.c.objc; path = SDWebImageDownloader.m; sourceTree = "<group>"; };
		49F953A917096EB600AC6503 /* SDWebImageDownloaderDelegate.h */ = {isa = PBXFileReference; fileEncoding = 4; lastKnownFileType = sourcecode.c.h; path = SDWebImageDownloaderDelegate.h; sourceTree = "<group>"; };
		49F953AA17096EB600AC6503 /* SDWebImageManager.h */ = {isa = PBXFileReference; fileEncoding = 4; lastKnownFileType = sourcecode.c.h; path = SDWebImageManager.h; sourceTree = "<group>"; };
		49F953AB17096EB600AC6503 /* SDWebImageManager.m */ = {isa = PBXFileReference; fileEncoding = 4; lastKnownFileType = sourcecode.c.objc; path = SDWebImageManager.m; sourceTree = "<group>"; };
		49F953AC17096EB600AC6503 /* SDWebImageManagerDelegate.h */ = {isa = PBXFileReference; fileEncoding = 4; lastKnownFileType = sourcecode.c.h; path = SDWebImageManagerDelegate.h; sourceTree = "<group>"; };
		49F953AD17096EB600AC6503 /* SDWebImagePrefetcher.h */ = {isa = PBXFileReference; fileEncoding = 4; lastKnownFileType = sourcecode.c.h; path = SDWebImagePrefetcher.h; sourceTree = "<group>"; };
		49F953AE17096EB600AC6503 /* SDWebImagePrefetcher.m */ = {isa = PBXFileReference; fileEncoding = 4; lastKnownFileType = sourcecode.c.objc; path = SDWebImagePrefetcher.m; sourceTree = "<group>"; };
		49F953AF17096EB600AC6503 /* UIButton+WebCache.h */ = {isa = PBXFileReference; fileEncoding = 4; lastKnownFileType = sourcecode.c.h; path = "UIButton+WebCache.h"; sourceTree = "<group>"; };
		49F953B017096EB600AC6503 /* UIButton+WebCache.m */ = {isa = PBXFileReference; fileEncoding = 4; lastKnownFileType = sourcecode.c.objc; path = "UIButton+WebCache.m"; sourceTree = "<group>"; };
		49F953B117096EB600AC6503 /* UIImageView+WebCache.h */ = {isa = PBXFileReference; fileEncoding = 4; lastKnownFileType = sourcecode.c.h; path = "UIImageView+WebCache.h"; sourceTree = "<group>"; };
		49F953B217096EB600AC6503 /* UIImageView+WebCache.m */ = {isa = PBXFileReference; fileEncoding = 4; lastKnownFileType = sourcecode.c.objc; path = "UIImageView+WebCache.m"; sourceTree = "<group>"; };
		49F953BA1709706600AC6503 /* QuartzCore.framework */ = {isa = PBXFileReference; lastKnownFileType = wrapper.framework; name = QuartzCore.framework; path = System/Library/Frameworks/QuartzCore.framework; sourceTree = SDKROOT; };
		49F953BC1709707B00AC6503 /* SystemConfiguration.framework */ = {isa = PBXFileReference; lastKnownFileType = wrapper.framework; name = SystemConfiguration.framework; path = System/Library/Frameworks/SystemConfiguration.framework; sourceTree = SDKROOT; };
		502A069F1782A15D00D6D106 /* voucherredeemed_button_new.png */ = {isa = PBXFileReference; lastKnownFileType = image.png; path = voucherredeemed_button_new.png; sourceTree = "<group>"; };
		502A06A01782A15D00D6D106 /* voucherredeemed_button_new@2x.png */ = {isa = PBXFileReference; lastKnownFileType = image.png; path = "voucherredeemed_button_new@2x.png"; sourceTree = "<group>"; };
		502A06A11782A15D00D6D106 /* voucherredeemed_button_blank_new.png */ = {isa = PBXFileReference; lastKnownFileType = image.png; path = voucherredeemed_button_blank_new.png; sourceTree = "<group>"; };
		502A06A21782A15D00D6D106 /* voucherredeemed_button_blank_new@2x.png */ = {isa = PBXFileReference; lastKnownFileType = image.png; path = "voucherredeemed_button_blank_new@2x.png"; sourceTree = "<group>"; };
		503644F417589DFD0033C3FF /* termsuse_1-1.png */ = {isa = PBXFileReference; lastKnownFileType = image.png; path = "termsuse_1-1.png"; sourceTree = "<group>"; };
		503644F517589DFD0033C3FF /* termsuse_1-1@2x.png */ = {isa = PBXFileReference; lastKnownFileType = image.png; path = "termsuse_1-1@2x.png"; sourceTree = "<group>"; };
		5044863817575F1300F423FE /* terms_use.png */ = {isa = PBXFileReference; lastKnownFileType = image.png; path = terms_use.png; sourceTree = "<group>"; };
		5044863A175769EA00F423FE /* terms_use_new@2x.png */ = {isa = PBXFileReference; lastKnownFileType = image.png; path = "terms_use_new@2x.png"; sourceTree = "<group>"; };
		5044863C17576C6A00F423FE /* terms_use_2x.png */ = {isa = PBXFileReference; lastKnownFileType = image.png; path = terms_use_2x.png; sourceTree = "<group>"; };
		5044863D17576C6A00F423FE /* terms_use_new.png */ = {isa = PBXFileReference; lastKnownFileType = image.png; path = terms_use_new.png; sourceTree = "<group>"; };
		504486401757720300F423FE /* termsuse_11.png */ = {isa = PBXFileReference; lastKnownFileType = image.png; path = termsuse_11.png; sourceTree = "<group>"; };
		504486411757720400F423FE /* termsuse_11@2x.png */ = {isa = PBXFileReference; lastKnownFileType = image.png; path = "termsuse_11@2x.png"; sourceTree = "<group>"; };
		507C30B1170BEBA800469119 /* FBDialog.m */ = {isa = PBXFileReference; fileEncoding = 4; lastKnownFileType = sourcecode.c.objc; path = FBDialog.m; sourceTree = "<group>"; };
		507C30B2170BEBA800469119 /* Facebook.m */ = {isa = PBXFileReference; fileEncoding = 4; lastKnownFileType = sourcecode.c.objc; path = Facebook.m; sourceTree = "<group>"; };
		507C30B3170BEBA800469119 /* Facebook.h */ = {isa = PBXFileReference; fileEncoding = 4; lastKnownFileType = sourcecode.c.h; path = Facebook.h; sourceTree = "<group>"; };
		507C30B4170BEBA800469119 /* FBConnect.bundle */ = {isa = PBXFileReference; lastKnownFileType = "wrapper.plug-in"; path = FBConnect.bundle; sourceTree = "<group>"; };
		507C30B5170BEBA800469119 /* FBConnect.h */ = {isa = PBXFileReference; fileEncoding = 4; lastKnownFileType = sourcecode.c.h; path = FBConnect.h; sourceTree = "<group>"; };
		507C30B6170BEBA800469119 /* FBDialog.bundle */ = {isa = PBXFileReference; lastKnownFileType = "wrapper.plug-in"; path = FBDialog.bundle; sourceTree = "<group>"; };
		507C30B7170BEBA800469119 /* FBDialog.h */ = {isa = PBXFileReference; fileEncoding = 4; lastKnownFileType = sourcecode.c.h; path = FBDialog.h; sourceTree = "<group>"; };
		507C30B8170BEBA800469119 /* FBFrictionlessRequestSettings.h */ = {isa = PBXFileReference; fileEncoding = 4; lastKnownFileType = sourcecode.c.h; path = FBFrictionlessRequestSettings.h; sourceTree = "<group>"; };
		507C30B9170BEBA800469119 /* FBFrictionlessRequestSettings.m */ = {isa = PBXFileReference; fileEncoding = 4; lastKnownFileType = sourcecode.c.objc; path = FBFrictionlessRequestSettings.m; sourceTree = "<group>"; };
		507C30BA170BEBA800469119 /* FBLoginDialog.h */ = {isa = PBXFileReference; fileEncoding = 4; lastKnownFileType = sourcecode.c.h; path = FBLoginDialog.h; sourceTree = "<group>"; };
		507C30BB170BEBA800469119 /* FBLoginDialog.m */ = {isa = PBXFileReference; fileEncoding = 4; lastKnownFileType = sourcecode.c.objc; path = FBLoginDialog.m; sourceTree = "<group>"; };
		507C30BC170BEBA800469119 /* FBRequest.h */ = {isa = PBXFileReference; fileEncoding = 4; lastKnownFileType = sourcecode.c.h; path = FBRequest.h; sourceTree = "<group>"; };
		507C30BD170BEBA800469119 /* FBRequest.m */ = {isa = PBXFileReference; fileEncoding = 4; lastKnownFileType = sourcecode.c.objc; path = FBRequest.m; sourceTree = "<group>"; };
		50A3308417ABB02E00164108 /* MessageUI.framework */ = {isa = PBXFileReference; lastKnownFileType = wrapper.framework; name = MessageUI.framework; path = System/Library/Frameworks/MessageUI.framework; sourceTree = SDKROOT; };
		C5A1B50B17B028CA006E2C09 /* Crashlytics.framework */ = {isa = PBXFileReference; lastKnownFileType = wrapper.framework; path = Crashlytics.framework; sourceTree = "<group>"; };
/* End PBXFileReference section */

/* Begin PBXFrameworksBuildPhase section */
		499A552416F1CB7500B4C7DB /* Frameworks */ = {
			isa = PBXFrameworksBuildPhase;
			buildActionMask = 2147483647;
			files = (
				50A3308517ABB02E00164108 /* MessageUI.framework in Frameworks */,
				5023854F17A653DB00BF11EC /* UIKit.framework in Frameworks */,
				499B3F331713F8F300DEB876 /* Accounts.framework in Frameworks */,
				499B3F311713F28C00DEB876 /* Social.framework in Frameworks */,
				4977671F170AAB170055D71E /* CFNetwork.framework in Frameworks */,
				4960DFDF17098703006319D7 /* ImageIO.framework in Frameworks */,
				49F953BD1709707B00AC6503 /* SystemConfiguration.framework in Frameworks */,
				49F953BB1709706600AC6503 /* QuartzCore.framework in Frameworks */,
				491123A917055C0600777DD6 /* CoreLocation.framework in Frameworks */,
				491123A617054DD000777DD6 /* MapKit.framework in Frameworks */,
				499A552E16F1CB7500B4C7DB /* Foundation.framework in Frameworks */,
				499A553016F1CB7500B4C7DB /* CoreGraphics.framework in Frameworks */,
				C5A1B50C17B028CA006E2C09 /* Crashlytics.framework in Frameworks */,
			);
			runOnlyForDeploymentPostprocessing = 0;
		};
/* End PBXFrameworksBuildPhase section */

/* Begin PBXGroup section */
		49077B721706A306004DC9D2 /* Splash */ = {
			isa = PBXGroup;
			children = (
				503644F417589DFD0033C3FF /* termsuse_1-1.png */,
				503644F517589DFD0033C3FF /* termsuse_1-1@2x.png */,
				504486401757720300F423FE /* termsuse_11.png */,
				504486411757720400F423FE /* termsuse_11@2x.png */,
				5044863C17576C6A00F423FE /* terms_use_2x.png */,
				5044863D17576C6A00F423FE /* terms_use_new.png */,
				499B3F1C1713E42F00DEB876 /* Default.png */,
				499B3F1D1713E42F00DEB876 /* Default-568h@2x.png */,
				499B3F1E1713E42F00DEB876 /* Default@2x.png */,
			);
			name = Splash;
			path = Images/Splash;
			sourceTree = "<group>";
		};
		491123C91705852F00777DD6 /* MapView */ = {
			isa = PBXGroup;
			children = (
				491123CA1705854800777DD6 /* MapViewController.h */,
				491123CB1705854800777DD6 /* MapViewController.m */,
				491123CC1705854800777DD6 /* MapViewController.xib */,
			);
			path = MapView;
			sourceTree = "<group>";
		};
		4911B55216F827AC0038799C /* BarDetail */ = {
			isa = PBXGroup;
			children = (
				4911B55416F828550038799C /* BarDetailViewController.h */,
				4911B55516F828550038799C /* BarDetailViewController.m */,
				4911B55616F828550038799C /* BarDetailViewController.xib */,
			);
			path = BarDetail;
			sourceTree = "<group>";
		};
		499A551C16F1CB7500B4C7DB = {
			isa = PBXGroup;
			children = (
				50A3308417ABB02E00164108 /* MessageUI.framework */,
				499A553116F1CB7500B4C7DB /* DrinkVoucher */,
				499A552A16F1CB7500B4C7DB /* Frameworks */,
				499A552816F1CB7500B4C7DB /* Products */,
			);
			sourceTree = "<group>";
		};
		499A552816F1CB7500B4C7DB /* Products */ = {
			isa = PBXGroup;
			children = (
				499A552716F1CB7500B4C7DB /* DrinkVoucher.app */,
			);
			name = Products;
			sourceTree = "<group>";
		};
		499A552A16F1CB7500B4C7DB /* Frameworks */ = {
			isa = PBXGroup;
			children = (
				C5A1B50B17B028CA006E2C09 /* Crashlytics.framework */,
				499B3F321713F8F300DEB876 /* Accounts.framework */,
				499B3F301713F28C00DEB876 /* Social.framework */,
				4977671E170AAB170055D71E /* CFNetwork.framework */,
				4960DFDE17098703006319D7 /* ImageIO.framework */,
				49F953BC1709707B00AC6503 /* SystemConfiguration.framework */,
				49F953BA1709706600AC6503 /* QuartzCore.framework */,
				491123A817055C0600777DD6 /* CoreLocation.framework */,
				491123A517054DD000777DD6 /* MapKit.framework */,
				499A552B16F1CB7500B4C7DB /* UIKit.framework */,
				499A552D16F1CB7500B4C7DB /* Foundation.framework */,
				499A552F16F1CB7500B4C7DB /* CoreGraphics.framework */,
			);
			name = Frameworks;
			sourceTree = "<group>";
		};
		499A553116F1CB7500B4C7DB /* DrinkVoucher */ = {
			isa = PBXGroup;
			children = (
				499A553A16F1CB7500B4C7DB /* AppDelegate.h */,
				499A553B16F1CB7500B4C7DB /* AppDelegate.m */,
				499A555C16F1DA2F00B4C7DB /* Commonlib */,
				499A555F16F1DA2F00B4C7DB /* Modal */,
				499A555E16F1DA2F00B4C7DB /* View */,
				499A555D16F1DA2F00B4C7DB /* Controller */,
				49E795E216FC3C36009BF997 /* Images */,
				49077B721706A306004DC9D2 /* Splash */,
				499A553216F1CB7500B4C7DB /* Supporting Files */,
			);
			path = DrinkVoucher;
			sourceTree = "<group>";
		};
		499A553216F1CB7500B4C7DB /* Supporting Files */ = {
			isa = PBXGroup;
			children = (
				5044863A175769EA00F423FE /* terms_use_new@2x.png */,
				5044863817575F1300F423FE /* terms_use.png */,
				499A557916F1E71B00B4C7DB /* checkbox.png */,
				499A557A16F1E71B00B4C7DB /* checkbox-tick.png */,
				499A553316F1CB7500B4C7DB /* DrinkVoucher-Info.plist */,
				499A553416F1CB7500B4C7DB /* InfoPlist.strings */,
				499A553716F1CB7500B4C7DB /* main.m */,
				499A553916F1CB7500B4C7DB /* DrinkVoucher-Prefix.pch */,
			);
			name = "Supporting Files";
			sourceTree = "<group>";
		};
		499A555C16F1DA2F00B4C7DB /* Commonlib */ = {
			isa = PBXGroup;
			children = (
				49ECA9D6170470800016EFD0 /* Constant.h */,
				495E5D8E1717F46400AC996A /* Reachability.h */,
				495E5D8F1717F46400AC996A /* Reachability.m */,
				49F953A017096EB600AC6503 /* SDWebImage */,
				491123BE17056FB100777DD6 /* MBProgressHUD.h */,
				491123BF17056FB100777DD6 /* MBProgressHUD.m */,
			);
			path = Commonlib;
			sourceTree = "<group>";
		};
		499A555D16F1DA2F00B4C7DB /* Controller */ = {
			isa = PBXGroup;
			children = (
				499A556016F1DA6100B4C7DB /* SplashVC */,
				499A556716F1DD8100B4C7DB /* LoginVC */,
				499A556616F1DD8100B4C7DB /* HomeVC */,
				4911B55216F827AC0038799C /* BarDetail */,
				491123C91705852F00777DD6 /* MapView */,
			);
			path = Controller;
			sourceTree = "<group>";
		};
		499A555E16F1DA2F00B4C7DB /* View */ = {
			isa = PBXGroup;
			children = (
				499A558E16F1FEB800B4C7DB /* Facebook */,
			);
			path = View;
			sourceTree = "<group>";
		};
		499A555F16F1DA2F00B4C7DB /* Modal */ = {
			isa = PBXGroup;
			children = (
			);
			path = Modal;
			sourceTree = "<group>";
		};
		499A556016F1DA6100B4C7DB /* SplashVC */ = {
			isa = PBXGroup;
			children = (
				499A556116F1DA6E00B4C7DB /* SplashViewController.h */,
				499A556216F1DA6E00B4C7DB /* SplashViewController.m */,
				499A556316F1DA6E00B4C7DB /* SplashViewController.xib */,
			);
			path = SplashVC;
			sourceTree = "<group>";
		};
		499A556616F1DD8100B4C7DB /* HomeVC */ = {
			isa = PBXGroup;
			children = (
				499A557216F1DE4000B4C7DB /* HomeViewController.h */,
				499A557316F1DE4000B4C7DB /* HomeViewController.m */,
				499A557416F1DE4000B4C7DB /* HomeViewController.xib */,
			);
			path = HomeVC;
			sourceTree = "<group>";
		};
		499A556716F1DD8100B4C7DB /* LoginVC */ = {
			isa = PBXGroup;
			children = (
				499A556D16F1DDF000B4C7DB /* LoginViewController.h */,
				499A556E16F1DDF000B4C7DB /* LoginViewController.m */,
				499A556F16F1DDF000B4C7DB /* LoginViewController.xib */,
			);
			path = LoginVC;
			sourceTree = "<group>";
		};
		499A558E16F1FEB800B4C7DB /* Facebook */ = {
			isa = PBXGroup;
			children = (
				507C30B4170BEBA800469119 /* FBConnect.bundle */,
				507C30B6170BEBA800469119 /* FBDialog.bundle */,
				507C30B1170BEBA800469119 /* FBDialog.m */,
				507C30B2170BEBA800469119 /* Facebook.m */,
				507C30B3170BEBA800469119 /* Facebook.h */,
				507C30B5170BEBA800469119 /* FBConnect.h */,
				507C30B7170BEBA800469119 /* FBDialog.h */,
				507C30B8170BEBA800469119 /* FBFrictionlessRequestSettings.h */,
				507C30B9170BEBA800469119 /* FBFrictionlessRequestSettings.m */,
				507C30BA170BEBA800469119 /* FBLoginDialog.h */,
				507C30BB170BEBA800469119 /* FBLoginDialog.m */,
				507C30BC170BEBA800469119 /* FBRequest.h */,
				507C30BD170BEBA800469119 /* FBRequest.m */,
				499A559A16F1FEB800B4C7DB /* JSON */,
			);
			path = Facebook;
			sourceTree = "<group>";
		};
		499A559A16F1FEB800B4C7DB /* JSON */ = {
			isa = PBXGroup;
			children = (
				499A559B16F1FEB800B4C7DB /* JSON.h */,
				499A559C16F1FEB800B4C7DB /* NSObject+SBJSON.h */,
				499A559D16F1FEB800B4C7DB /* NSObject+SBJSON.m */,
				499A559E16F1FEB800B4C7DB /* NSString+SBJSON.h */,
				499A559F16F1FEB800B4C7DB /* NSString+SBJSON.m */,
				499A55A016F1FEB800B4C7DB /* SBJSON.h */,
				499A55A116F1FEB800B4C7DB /* SBJSON.m */,
				499A55A216F1FEB800B4C7DB /* SBJsonBase.h */,
				499A55A316F1FEB800B4C7DB /* SBJsonBase.m */,
				499A55A416F1FEB800B4C7DB /* SBJsonParser.h */,
				499A55A516F1FEB800B4C7DB /* SBJsonParser.m */,
				499A55A616F1FEB800B4C7DB /* SBJsonWriter.h */,
				499A55A716F1FEB800B4C7DB /* SBJsonWriter.m */,
			);
			path = JSON;
			sourceTree = "<group>";
		};
		49E795E216FC3C36009BF997 /* Images */ = {
			isa = PBXGroup;
			children = (
				502A069F1782A15D00D6D106 /* voucherredeemed_button_new.png */,
				502A06A01782A15D00D6D106 /* voucherredeemed_button_new@2x.png */,
				502A06A11782A15D00D6D106 /* voucherredeemed_button_blank_new.png */,
				502A06A21782A15D00D6D106 /* voucherredeemed_button_blank_new@2x.png */,
				49E795E316FC3C36009BF997 /* 1x */,
				49E795E416FC3C36009BF997 /* 2x */,
				49E795E516FC3C36009BF997 /* Icons */,
			);
			path = Images;
			sourceTree = "<group>";
		};
		49E795E316FC3C36009BF997 /* 1x */ = {
			isa = PBXGroup;
			children = (
				494DCB8A174208670012ED59 /* voucherredeemed_button_blank.png */,
				494DCB8B174208670012ED59 /* checkbox-selectd.png */,
				49AC138E173CDD8B00F44612 /* ge_drinksontheHouse.png */,
				495F2A10171FAD9F00A27959 /* icon-locationArrow-white.png */,
				493F900D171D1B0F00370A71 /* blank_btn.png */,
				499B3F381714352C00DEB876 /* get_directions_btn.png */,
				499B3F341714333A00DEB876 /* icon-locationArrow.png */,
				499B3F221713EFBF00DEB876 /* signup_screen.png */,
				499B3F171713E28400DEB876 /* facebook_btnNew.png */,
				49665526170D4CF000CC8FAF /* getdriking_screen_new.png */,
				4960DFE11709B1FE006319D7 /* 4_direction.png */,
				49077B791706C8DC004DC9D2 /* dismiss_button.png */,
				49077B1E1706A224004DC9D2 /* background_4.png */,
				49077B1F1706A224004DC9D2 /* getdriking_screen_4.png */,
				49077B201706A224004DC9D2 /* main-img.png */,
				49077B211706A224004DC9D2 /* signup_screen_4.png */,
				49077B231706A224004DC9D2 /* back_button.png */,
				49077B241706A224004DC9D2 /* background_5.png */,
				49077B251706A224004DC9D2 /* currentvoucher_btn.png */,
				49077B261706A224004DC9D2 /* currentvoucher_screen_5.png */,
				49077B271706A224004DC9D2 /* drinking_button.png */,
				49077B281706A224004DC9D2 /* facebook_btn.png */,
				49077B291706A224004DC9D2 /* getdriking_screen.png */,
				49077B2A1706A224004DC9D2 /* map_background.png */,
				49077B2B1706A224004DC9D2 /* phone_button.png */,
				49077B2C1706A224004DC9D2 /* redeemyourvocher_button.png */,
				49077B2D1706A224004DC9D2 /* Signup_screen_5.png */,
				49077B2E1706A224004DC9D2 /* splash_screen_5.png */,
				49077B2F1706A224004DC9D2 /* topbar.png */,
				49077B301706A224004DC9D2 /* voucherredeemed_button.png */,
				49077B311706A224004DC9D2 /* website_button.png */,
			);
			path = 1x;
			sourceTree = "<group>";
		};
		49E795E416FC3C36009BF997 /* 2x */ = {
			isa = PBXGroup;
			children = (
				494DCB851742082B0012ED59 /* checkbox-selectd@2x.png */,
				494DCB861742082B0012ED59 /* voucherredeemed_button_blank@2x.png */,
				49AC138B173CDD6700F44612 /* ge_drinksontheHouse@2x.png */,
				495F2A0D171FAD9700A27959 /* icon-locationArrow-white@2x.png */,
				493F9010171D1B1600370A71 /* blank_btn@2x.png */,
				499B3F3A1714353300DEB876 /* get_directions_btn@2x.png */,
				499B3F361714334300DEB876 /* icon-locationArrow@2x.png */,
				499B3F241713EFCA00DEB876 /* Signup_screen_new_5.png */,
				499B3F251713EFCA00DEB876 /* signup_screen@2x.png */,
				499B3F1A1713E29000DEB876 /* facebook_btnNew@2x.png */,
				49665528170D4CF700CC8FAF /* getdriking_screen_new@2x.png */,
				49665523170D4C8300CC8FAF /* getdriking_screen_new_5.png */,
				49077B771706C68F004DC9D2 /* dismiss_button@2x.png */,
				49077B461706A230004DC9D2 /* main-img@2x.png */,
				49077B471706A230004DC9D2 /* getdriking_screen_4@2x.png */,
				49077B481706A230004DC9D2 /* signup_screen_4@2x.png */,
				49077B4A1706A230004DC9D2 /* background_4@2x.png */,
				49077B4B1706A230004DC9D2 /* back_button@2x.png */,
				49077B4C1706A230004DC9D2 /* topbar@2x.png */,
				49077B4D1706A230004DC9D2 /* redeemyourvocher_button@2x.png */,
				49077B4E1706A230004DC9D2 /* map_background@2x.png */,
				49077B4F1706A230004DC9D2 /* website_button@2x.png */,
				49077B501706A230004DC9D2 /* phone_button@2x.png */,
				49077B511706A230004DC9D2 /* voucherredeemed_button@2x.png */,
				49077B521706A230004DC9D2 /* currentvoucher_btn@2x.png */,
				49077B531706A230004DC9D2 /* currentvoucher_screen_5@2x.png */,
				49077B541706A230004DC9D2 /* drinking_button@2x.png */,
				49077B551706A230004DC9D2 /* getdriking_screen@2x.png */,
				49077B561706A230004DC9D2 /* facebook_btn@2x.png */,
				49077B571706A230004DC9D2 /* Signup_screen_5@2x.png */,
				49077B591706A230004DC9D2 /* background_5@2x.png */,
			);
			path = 2x;
			sourceTree = "<group>";
		};
		49E795E516FC3C36009BF997 /* Icons */ = {
			isa = PBXGroup;
			children = (
				49077B9B1706FED7004DC9D2 /* iTunesArtwork */,
				49077B9C1706FED7004DC9D2 /* Icon@2x.png */,
				49077B9D1706FED7004DC9D2 /* Icon.png */,
				49077B9E1706FED7004DC9D2 /* Icon-Small@2x.png */,
				49077B9F1706FED7004DC9D2 /* Icon-Small.png */,
				49077BA01706FED7004DC9D2 /* Icon-Small-50.png */,
				49077BA11706FED7004DC9D2 /* Icon-72.png */,
				49077BA21706FED7004DC9D2 /* onthhouse1024.png */,
			);
			path = Icons;
			sourceTree = "<group>";
		};
		49F953A017096EB600AC6503 /* SDWebImage */ = {
			isa = PBXGroup;
			children = (
				49F953A117096EB600AC6503 /* SDImageCache.h */,
				49F953A217096EB600AC6503 /* SDImageCache.m */,
				49F953A317096EB600AC6503 /* SDImageCacheDelegate.h */,
				49F953A417096EB600AC6503 /* SDWebImageCompat.h */,
				49F953A517096EB600AC6503 /* SDWebImageDecoder.h */,
				49F953A617096EB600AC6503 /* SDWebImageDecoder.m */,
				49F953A717096EB600AC6503 /* SDWebImageDownloader.h */,
				49F953A817096EB600AC6503 /* SDWebImageDownloader.m */,
				49F953A917096EB600AC6503 /* SDWebImageDownloaderDelegate.h */,
				49F953AA17096EB600AC6503 /* SDWebImageManager.h */,
				49F953AB17096EB600AC6503 /* SDWebImageManager.m */,
				49F953AC17096EB600AC6503 /* SDWebImageManagerDelegate.h */,
				49F953AD17096EB600AC6503 /* SDWebImagePrefetcher.h */,
				49F953AE17096EB600AC6503 /* SDWebImagePrefetcher.m */,
				49F953AF17096EB600AC6503 /* UIButton+WebCache.h */,
				49F953B017096EB600AC6503 /* UIButton+WebCache.m */,
				49F953B117096EB600AC6503 /* UIImageView+WebCache.h */,
				49F953B217096EB600AC6503 /* UIImageView+WebCache.m */,
			);
			path = SDWebImage;
			sourceTree = "<group>";
		};
/* End PBXGroup section */

/* Begin PBXNativeTarget section */
		499A552616F1CB7500B4C7DB /* DrinkVoucher */ = {
			isa = PBXNativeTarget;
			buildConfigurationList = 499A554B16F1CB7500B4C7DB /* Build configuration list for PBXNativeTarget "DrinkVoucher" */;
			buildPhases = (
				499A552316F1CB7500B4C7DB /* Sources */,
				499A552416F1CB7500B4C7DB /* Frameworks */,
				499A552516F1CB7500B4C7DB /* Resources */,
				C5A1B50A17B0287D006E2C09 /* ShellScript */,
			);
			buildRules = (
			);
			dependencies = (
			);
			name = DrinkVoucher;
			productName = DrinkVoucher;
			productReference = 499A552716F1CB7500B4C7DB /* DrinkVoucher.app */;
			productType = "com.apple.product-type.application";
		};
/* End PBXNativeTarget section */

/* Begin PBXProject section */
		499A551E16F1CB7500B4C7DB /* Project object */ = {
			isa = PBXProject;
			attributes = {
				LastUpgradeCheck = 0450;
				ORGANIZATIONNAME = Jitendra;
			};
			buildConfigurationList = 499A552116F1CB7500B4C7DB /* Build configuration list for PBXProject "DrinkVoucher" */;
			compatibilityVersion = "Xcode 3.2";
			developmentRegion = English;
			hasScannedForEncodings = 0;
			knownRegions = (
				en,
			);
			mainGroup = 499A551C16F1CB7500B4C7DB;
			productRefGroup = 499A552816F1CB7500B4C7DB /* Products */;
			projectDirPath = "";
			projectRoot = "";
			targets = (
				499A552616F1CB7500B4C7DB /* DrinkVoucher */,
			);
		};
/* End PBXProject section */

/* Begin PBXResourcesBuildPhase section */
		499A552516F1CB7500B4C7DB /* Resources */ = {
			isa = PBXResourcesBuildPhase;
			buildActionMask = 2147483647;
			files = (
				499A553616F1CB7500B4C7DB /* InfoPlist.strings in Resources */,
				499A556516F1DA6E00B4C7DB /* SplashViewController.xib in Resources */,
				499A557116F1DDF000B4C7DB /* LoginViewController.xib in Resources */,
				499A557616F1DE4000B4C7DB /* HomeViewController.xib in Resources */,
				499A557B16F1E71B00B4C7DB /* checkbox.png in Resources */,
				499A557C16F1E71B00B4C7DB /* checkbox-tick.png in Resources */,
				4911B55816F828550038799C /* BarDetailViewController.xib in Resources */,
				491123CE1705854800777DD6 /* MapViewController.xib in Resources */,
				49077B321706A224004DC9D2 /* background_4.png in Resources */,
				49077B331706A224004DC9D2 /* getdriking_screen_4.png in Resources */,
				49077B341706A224004DC9D2 /* main-img.png in Resources */,
				49077B351706A224004DC9D2 /* signup_screen_4.png in Resources */,
				49077B371706A224004DC9D2 /* back_button.png in Resources */,
				49077B381706A224004DC9D2 /* background_5.png in Resources */,
				49077B391706A224004DC9D2 /* currentvoucher_btn.png in Resources */,
				49077B3A1706A224004DC9D2 /* currentvoucher_screen_5.png in Resources */,
				49077B3B1706A224004DC9D2 /* drinking_button.png in Resources */,
				49077B3C1706A224004DC9D2 /* facebook_btn.png in Resources */,
				49077B3D1706A224004DC9D2 /* getdriking_screen.png in Resources */,
				49077B3E1706A224004DC9D2 /* map_background.png in Resources */,
				49077B3F1706A224004DC9D2 /* phone_button.png in Resources */,
				49077B401706A224004DC9D2 /* redeemyourvocher_button.png in Resources */,
				49077B411706A224004DC9D2 /* Signup_screen_5.png in Resources */,
				49077B421706A224004DC9D2 /* splash_screen_5.png in Resources */,
				49077B431706A224004DC9D2 /* topbar.png in Resources */,
				49077B441706A224004DC9D2 /* voucherredeemed_button.png in Resources */,
				49077B451706A224004DC9D2 /* website_button.png in Resources */,
				49077B5A1706A230004DC9D2 /* main-img@2x.png in Resources */,
				49077B5B1706A230004DC9D2 /* getdriking_screen_4@2x.png in Resources */,
				49077B5C1706A230004DC9D2 /* signup_screen_4@2x.png in Resources */,
				49077B5E1706A230004DC9D2 /* background_4@2x.png in Resources */,
				49077B5F1706A230004DC9D2 /* back_button@2x.png in Resources */,
				49077B601706A230004DC9D2 /* topbar@2x.png in Resources */,
				49077B611706A230004DC9D2 /* redeemyourvocher_button@2x.png in Resources */,
				49077B621706A230004DC9D2 /* map_background@2x.png in Resources */,
				49077B631706A230004DC9D2 /* website_button@2x.png in Resources */,
				49077B641706A230004DC9D2 /* phone_button@2x.png in Resources */,
				49077B651706A230004DC9D2 /* voucherredeemed_button@2x.png in Resources */,
				49077B661706A230004DC9D2 /* currentvoucher_btn@2x.png in Resources */,
				49077B671706A230004DC9D2 /* currentvoucher_screen_5@2x.png in Resources */,
				49077B681706A230004DC9D2 /* drinking_button@2x.png in Resources */,
				49077B691706A230004DC9D2 /* getdriking_screen@2x.png in Resources */,
				49077B6A1706A230004DC9D2 /* facebook_btn@2x.png in Resources */,
				49077B6B1706A230004DC9D2 /* Signup_screen_5@2x.png in Resources */,
				49077B6D1706A230004DC9D2 /* background_5@2x.png in Resources */,
				49077B781706C691004DC9D2 /* dismiss_button@2x.png in Resources */,
				49077B7A1706C8DD004DC9D2 /* dismiss_button.png in Resources */,
				49077BA31706FED7004DC9D2 /* iTunesArtwork in Resources */,
				49077BA41706FED7004DC9D2 /* Icon@2x.png in Resources */,
				49077BA51706FED7004DC9D2 /* Icon.png in Resources */,
				49077BA61706FED7004DC9D2 /* Icon-Small@2x.png in Resources */,
				49077BA71706FED7004DC9D2 /* Icon-Small.png in Resources */,
				49077BA81706FED7004DC9D2 /* Icon-Small-50.png in Resources */,
				49077BA91706FED7004DC9D2 /* Icon-72.png in Resources */,
				49077BAA1706FED7004DC9D2 /* onthhouse1024.png in Resources */,
				4960DFE21709B1FE006319D7 /* 4_direction.png in Resources */,
				507C30C0170BEBA800469119 /* FBConnect.bundle in Resources */,
				507C30C1170BEBA800469119 /* FBDialog.bundle in Resources */,
				49665524170D4C8500CC8FAF /* getdriking_screen_new_5.png in Resources */,
				49665527170D4CF100CC8FAF /* getdriking_screen_new.png in Resources */,
				49665529170D4CF800CC8FAF /* getdriking_screen_new@2x.png in Resources */,
				499B3F181713E28400DEB876 /* facebook_btnNew.png in Resources */,
				499B3F1B1713E29000DEB876 /* facebook_btnNew@2x.png in Resources */,
				499B3F1F1713E42F00DEB876 /* Default.png in Resources */,
				499B3F201713E42F00DEB876 /* Default-568h@2x.png in Resources */,
				499B3F211713E42F00DEB876 /* Default@2x.png in Resources */,
				499B3F231713EFBF00DEB876 /* signup_screen.png in Resources */,
				499B3F261713EFCA00DEB876 /* Signup_screen_new_5.png in Resources */,
				499B3F271713EFCA00DEB876 /* signup_screen@2x.png in Resources */,
				499B3F351714333A00DEB876 /* icon-locationArrow.png in Resources */,
				499B3F371714334300DEB876 /* icon-locationArrow@2x.png in Resources */,
				499B3F391714352C00DEB876 /* get_directions_btn.png in Resources */,
				499B3F3B1714353300DEB876 /* get_directions_btn@2x.png in Resources */,
				493F900E171D1B0F00370A71 /* blank_btn.png in Resources */,
				493F9011171D1B1600370A71 /* blank_btn@2x.png in Resources */,
				495F2A0E171FAD9700A27959 /* icon-locationArrow-white@2x.png in Resources */,
				495F2A11171FAD9F00A27959 /* icon-locationArrow-white.png in Resources */,
				49AC138C173CDD6700F44612 /* ge_drinksontheHouse@2x.png in Resources */,
				49AC138F173CDD8B00F44612 /* ge_drinksontheHouse.png in Resources */,
				494DCB871742082B0012ED59 /* checkbox-selectd@2x.png in Resources */,
				494DCB881742082B0012ED59 /* voucherredeemed_button_blank@2x.png in Resources */,
				494DCB8C174208680012ED59 /* voucherredeemed_button_blank.png in Resources */,
				494DCB8D174208680012ED59 /* checkbox-selectd.png in Resources */,
				5044863917575F1300F423FE /* terms_use.png in Resources */,
				5044863B175769EA00F423FE /* terms_use_new@2x.png in Resources */,
				5044863E17576C6A00F423FE /* terms_use_2x.png in Resources */,
				5044863F17576C6A00F423FE /* terms_use_new.png in Resources */,
				504486421757720400F423FE /* termsuse_11.png in Resources */,
				504486431757720400F423FE /* termsuse_11@2x.png in Resources */,
				503644F617589DFD0033C3FF /* termsuse_1-1.png in Resources */,
				503644F717589DFD0033C3FF /* termsuse_1-1@2x.png in Resources */,
				502A06A31782A15D00D6D106 /* voucherredeemed_button_new.png in Resources */,
				502A06A41782A15D00D6D106 /* voucherredeemed_button_new@2x.png in Resources */,
				502A06A51782A15D00D6D106 /* voucherredeemed_button_blank_new.png in Resources */,
				502A06A61782A15D00D6D106 /* voucherredeemed_button_blank_new@2x.png in Resources */,
			);
			runOnlyForDeploymentPostprocessing = 0;
		};
/* End PBXResourcesBuildPhase section */

/* Begin PBXShellScriptBuildPhase section */
		C5A1B50A17B0287D006E2C09 /* ShellScript */ = {
			isa = PBXShellScriptBuildPhase;
			buildActionMask = 2147483647;
			files = (
			);
			inputPaths = (
			);
			outputPaths = (
			);
			runOnlyForDeploymentPostprocessing = 0;
			shellPath = /bin/sh;
			shellScript = "./Crashlytics.framework/run b53fcf08df9b183b382153735d57a10862fc5348";
		};
/* End PBXShellScriptBuildPhase section */

/* Begin PBXSourcesBuildPhase section */
		499A552316F1CB7500B4C7DB /* Sources */ = {
			isa = PBXSourcesBuildPhase;
			buildActionMask = 2147483647;
			files = (
				499A553816F1CB7500B4C7DB /* main.m in Sources */,
				499A553C16F1CB7500B4C7DB /* AppDelegate.m in Sources */,
				499A556416F1DA6E00B4C7DB /* SplashViewController.m in Sources */,
				499A557016F1DDF000B4C7DB /* LoginViewController.m in Sources */,
				499A557516F1DE4000B4C7DB /* HomeViewController.m in Sources */,
				499A55AD16F1FEB800B4C7DB /* NSObject+SBJSON.m in Sources */,
				499A55AE16F1FEB800B4C7DB /* NSString+SBJSON.m in Sources */,
				499A55AF16F1FEB800B4C7DB /* SBJSON.m in Sources */,
				499A55B016F1FEB800B4C7DB /* SBJsonBase.m in Sources */,
				499A55B116F1FEB800B4C7DB /* SBJsonParser.m in Sources */,
				499A55B216F1FEB800B4C7DB /* SBJsonWriter.m in Sources */,
				4911B55716F828550038799C /* BarDetailViewController.m in Sources */,
				491123C017056FB100777DD6 /* MBProgressHUD.m in Sources */,
				491123CD1705854800777DD6 /* MapViewController.m in Sources */,
				49F953B317096EB600AC6503 /* SDImageCache.m in Sources */,
				49F953B417096EB600AC6503 /* SDWebImageDecoder.m in Sources */,
				49F953B517096EB600AC6503 /* SDWebImageDownloader.m in Sources */,
				49F953B617096EB600AC6503 /* SDWebImageManager.m in Sources */,
				49F953B717096EB600AC6503 /* SDWebImagePrefetcher.m in Sources */,
				49F953B817096EB600AC6503 /* UIButton+WebCache.m in Sources */,
				49F953B917096EB600AC6503 /* UIImageView+WebCache.m in Sources */,
				507C30BE170BEBA800469119 /* FBDialog.m in Sources */,
				507C30BF170BEBA800469119 /* Facebook.m in Sources */,
				507C30C2170BEBA800469119 /* FBFrictionlessRequestSettings.m in Sources */,
				507C30C3170BEBA800469119 /* FBLoginDialog.m in Sources */,
				507C30C4170BEBA800469119 /* FBRequest.m in Sources */,
				495E5D901717F46400AC996A /* Reachability.m in Sources */,
			);
			runOnlyForDeploymentPostprocessing = 0;
		};
/* End PBXSourcesBuildPhase section */

/* Begin PBXVariantGroup section */
		499A553416F1CB7500B4C7DB /* InfoPlist.strings */ = {
			isa = PBXVariantGroup;
			children = (
				499A553516F1CB7500B4C7DB /* en */,
			);
			name = InfoPlist.strings;
			sourceTree = "<group>";
		};
/* End PBXVariantGroup section */

/* Begin XCBuildConfiguration section */
		499A554916F1CB7500B4C7DB /* Debug */ = {
			isa = XCBuildConfiguration;
			buildSettings = {
				ALWAYS_SEARCH_USER_PATHS = NO;
				CLANG_CXX_LANGUAGE_STANDARD = "gnu++0x";
				CLANG_CXX_LIBRARY = "libc++";
				CLANG_ENABLE_OBJC_ARC = YES;
				CLANG_WARN_EMPTY_BODY = YES;
				CLANG_WARN__DUPLICATE_METHOD_MATCH = YES;
				CODE_SIGN_IDENTITY = "iPhone Distribution: On the House LLC (93MJFY2EQH)";
				"CODE_SIGN_IDENTITY[sdk=iphoneos*]" = "iPhone Distribution: On the House LLC (93MJFY2EQH)";
				COPY_PHASE_STRIP = NO;
				GCC_C_LANGUAGE_STANDARD = gnu99;
				GCC_DYNAMIC_NO_PIC = NO;
				GCC_OPTIMIZATION_LEVEL = 0;
				GCC_PREPROCESSOR_DEFINITIONS = (
					"DEBUG=1",
					"$(inherited)",
				);
				GCC_SYMBOLS_PRIVATE_EXTERN = NO;
				GCC_WARN_ABOUT_RETURN_TYPE = YES;
				GCC_WARN_UNINITIALIZED_AUTOS = YES;
				GCC_WARN_UNUSED_VARIABLE = YES;
				IPHONEOS_DEPLOYMENT_TARGET = 6.0;
				ONLY_ACTIVE_ARCH = YES;
				SDKROOT = iphoneos;
			};
			name = Debug;
		};
		499A554A16F1CB7500B4C7DB /* Release */ = {
			isa = XCBuildConfiguration;
			buildSettings = {
				ALWAYS_SEARCH_USER_PATHS = NO;
				CLANG_CXX_LANGUAGE_STANDARD = "gnu++0x";
				CLANG_CXX_LIBRARY = "libc++";
				CLANG_ENABLE_OBJC_ARC = YES;
				CLANG_WARN_EMPTY_BODY = YES;
				CLANG_WARN__DUPLICATE_METHOD_MATCH = YES;
				CODE_SIGN_IDENTITY = "iPhone Distribution: On the House LLC (93MJFY2EQH)";
				"CODE_SIGN_IDENTITY[sdk=iphoneos*]" = "iPhone Distribution: On the House LLC (93MJFY2EQH)";
				COPY_PHASE_STRIP = YES;
				GCC_C_LANGUAGE_STANDARD = gnu99;
				GCC_WARN_ABOUT_RETURN_TYPE = YES;
				GCC_WARN_UNINITIALIZED_AUTOS = YES;
				GCC_WARN_UNUSED_VARIABLE = YES;
				IPHONEOS_DEPLOYMENT_TARGET = 6.0;
				OTHER_CFLAGS = "-DNS_BLOCK_ASSERTIONS=1";
				SDKROOT = iphoneos;
				VALIDATE_PRODUCT = YES;
			};
			name = Release;
		};
		499A554C16F1CB7500B4C7DB /* Debug */ = {
			isa = XCBuildConfiguration;
			buildSettings = {
				CODE_SIGN_IDENTITY = "iPhone Distribution: On the House LLC (93MJFY2EQH)";
				"CODE_SIGN_IDENTITY[sdk=iphoneos*]" = "iPhone Distribution: On the House LLC (93MJFY2EQH)";
				FRAMEWORK_SEARCH_PATHS = (
					"$(inherited)",
					"\"$(SRCROOT)\"",
				);
				GCC_PRECOMPILE_PREFIX_HEADER = YES;
				GCC_PREFIX_HEADER = "DrinkVoucher/DrinkVoucher-Prefix.pch";
				INFOPLIST_FILE = "DrinkVoucher/DrinkVoucher-Info.plist";
				IPHONEOS_DEPLOYMENT_TARGET = 4.3;
				PRODUCT_NAME = "$(TARGET_NAME)";
				WRAPPER_EXTENSION = app;
			};
			name = Debug;
		};
		499A554D16F1CB7500B4C7DB /* Release */ = {
			isa = XCBuildConfiguration;
			buildSettings = {
				CODE_SIGN_IDENTITY = "iPhone Distribution: On the House LLC (93MJFY2EQH)";
				"CODE_SIGN_IDENTITY[sdk=iphoneos*]" = "iPhone Distribution: On the House LLC (93MJFY2EQH)";
				FRAMEWORK_SEARCH_PATHS = (
					"$(inherited)",
					"\"$(SRCROOT)\"",
				);
				GCC_PRECOMPILE_PREFIX_HEADER = YES;
				GCC_PREFIX_HEADER = "DrinkVoucher/DrinkVoucher-Prefix.pch";
				INFOPLIST_FILE = "DrinkVoucher/DrinkVoucher-Info.plist";
				IPHONEOS_DEPLOYMENT_TARGET = 4.3;
				PRODUCT_NAME = "$(TARGET_NAME)";
				WRAPPER_EXTENSION = app;
			};
			name = Release;
		};
/* End XCBuildConfiguration section */

/* Begin XCConfigurationList section */
		499A552116F1CB7500B4C7DB /* Build configuration list for PBXProject "DrinkVoucher" */ = {
			isa = XCConfigurationList;
			buildConfigurations = (
				499A554916F1CB7500B4C7DB /* Debug */,
				499A554A16F1CB7500B4C7DB /* Release */,
			);
			defaultConfigurationIsVisible = 0;
			defaultConfigurationName = Release;
		};
		499A554B16F1CB7500B4C7DB /* Build configuration list for PBXNativeTarget "DrinkVoucher" */ = {
			isa = XCConfigurationList;
			buildConfigurations = (
				499A554C16F1CB7500B4C7DB /* Debug */,
				499A554D16F1CB7500B4C7DB /* Release */,
			);
			defaultConfigurationIsVisible = 0;
			defaultConfigurationName = Release;
		};
/* End XCConfigurationList section */
	};
	rootObject = 499A551E16F1CB7500B4C7DB /* Project object */;
}
